
Microsoft Visual Studio Solution File, Format Version 12.00
# Visual Studio 15
VisualStudioVersion = 15.0.28307.1062
MinimumVisualStudioVersion = 10.0.40219.1
Project("{8BC9CEB8-8B4A-11D0-8D11-00A0C91BC942}") = "HologramInteractive", "HologramInteractive.vcxproj", "{74D457B3-2C50-42A5-A9F0-CB590A2FF610}"
	ProjectSection(ProjectDependencies) = postProject
		{7050674E-BEB6-42AE-8196-8A467E5AA16A} = {7050674E-BEB6-42AE-8196-8A467E5AA16A}
		{52B8C562-8D3E-49BA-8869-7826514787A1} = {52B8C562-8D3E-49BA-8869-7826514787A1}
		{B4772F70-BB96-4E80-BF05-8BEDD8F8DA97} = {B4772F70-BB96-4E80-BF05-8BEDD8F8DA97}
		{8F0A46A6-E977-4019-96EF-6FA8EF45B277} = {8F0A46A6-E977-4019-96EF-6FA8EF45B277}
		{FF956BB3-F377-43A8-AB31-633299BDF6C6} = {FF956BB3-F377-43A8-AB31-633299BDF6C6}
		{5A441CC6-F281-4A83-8BC4-323D4148C7C0} = {5A441CC6-F281-4A83-8BC4-323D4148C7C0}
		{68434ECD-0F83-4C53-B3DE-729D04D4D24B} = {68434ECD-0F83-4C53-B3DE-729D04D4D24B}
		{D7F466F4-2AEA-4648-BE09-024C887BC157} = {D7F466F4-2AEA-4648-BE09-024C887BC157}
	EndProjectSection
EndProject
Project("{8BC9CEB8-8B4A-11D0-8D11-00A0C91BC942}") = "view_controller", "..\view_controller\build\view_controller.vcxproj", "{B4772F70-BB96-4E80-BF05-8BEDD8F8DA97}"
	ProjectSection(ProjectDependencies) = postProject
		{7050674E-BEB6-42AE-8196-8A467E5AA16A} = {7050674E-BEB6-42AE-8196-8A467E5AA16A}
		{52B8C562-8D3E-49BA-8869-7826514787A1} = {52B8C562-8D3E-49BA-8869-7826514787A1}
		{8F0A46A6-E977-4019-96EF-6FA8EF45B277} = {8F0A46A6-E977-4019-96EF-6FA8EF45B277}
		{68434ECD-0F83-4C53-B3DE-729D04D4D24B} = {68434ECD-0F83-4C53-B3DE-729D04D4D24B}
	EndProjectSection
EndProject
Project("{8BC9CEB8-8B4A-11D0-8D11-00A0C91BC942}") = "graphics", "..\graphics\build\graphics.vcxproj", "{8F0A46A6-E977-4019-96EF-6FA8EF45B277}"
EndProject
Project("{8BC9CEB8-8B4A-11D0-8D11-00A0C91BC942}") = "FCollada", "..\FCollada\FCollada.vcxproj", "{FF956BB3-F377-43A8-AB31-633299BDF6C6}"
EndProject
Project("{8BC9CEB8-8B4A-11D0-8D11-00A0C91BC942}") = "FArchiveXML", "..\FColladaPlugins\FArchiveXML\FArchiveXML.vcxproj", "{5A441CC6-F281-4A83-8BC4-323D4148C7C0}"
EndProject
Project("{8BC9CEB8-8B4A-11D0-8D11-00A0C91BC942}") = "material", "..\material\build\material.vcxproj", "{52B8C562-8D3E-49BA-8869-7826514787A1}"
EndProject
Project("{8BC9CEB8-8B4A-11D0-8D11-00A0C91BC942}") = "model", "..\model\build\model.vcxproj", "{68434ECD-0F83-4C53-B3DE-729D04D4D24B}"
	ProjectSection(ProjectDependencies) = postProject
		{52B8C562-8D3E-49BA-8869-7826514787A1} = {52B8C562-8D3E-49BA-8869-7826514787A1}
		{FF956BB3-F377-43A8-AB31-633299BDF6C6} = {FF956BB3-F377-43A8-AB31-633299BDF6C6}
		{5A441CC6-F281-4A83-8BC4-323D4148C7C0} = {5A441CC6-F281-4A83-8BC4-323D4148C7C0}
		{D7F466F4-2AEA-4648-BE09-024C887BC157} = {D7F466F4-2AEA-4648-BE09-024C887BC157}
	EndProjectSection
EndProject
Project("{8BC9CEB8-8B4A-11D0-8D11-00A0C91BC942}") = "LibXML", "..\FCollada\LibXML\LibXML.vcxproj", "{D7F466F4-2AEA-4648-BE09-024C887BC157}"
EndProject
Project("{8BC9CEB8-8B4A-11D0-8D11-00A0C91BC942}") = "Hologram", "..\Hologram\build\Hologram.vcxproj", "{7050674E-BEB6-42AE-8196-8A467E5AA16A}"
EndProject
Project("{8BC9CEB8-8B4A-11D0-8D11-00A0C91BC942}") = "KETI_PointTranslator", "..\KETI_PointTranslator\KETI_PointTranslator.vcxproj", "{BD987CEF-0671-49B5-80CD-0B46874AA35F}"
EndProject
Project("{8BC9CEB8-8B4A-11D0-8D11-00A0C91BC942}") = "holo_client", "..\holo_client\build\holo_client.vcxproj", "{67939E03-89C8-4073-881F-775B7047A8FB}"
EndProject
Project("{8BC9CEB8-8B4A-11D0-8D11-00A0C91BC942}") = "holo_server", "..\holo_server\build\holo_server.vcxproj", "{CA7D2BA8-1FF5-42B9-B544-85576A1491A0}"
EndProject
Global
	GlobalSection(SolutionConfigurationPlatforms) = preSolution
		Debug DLL|Itanium = Debug DLL|Itanium
		Debug DLL|x64 = Debug DLL|x64
		Debug DLL|x86 = Debug DLL|x86
		Debug Unicode DLL|Itanium = Debug Unicode DLL|Itanium
		Debug Unicode DLL|x64 = Debug Unicode DLL|x64
		Debug Unicode DLL|x86 = Debug Unicode DLL|x86
		Debug Unicode|Itanium = Debug Unicode|Itanium
		Debug Unicode|x64 = Debug Unicode|x64
		Debug Unicode|x86 = Debug Unicode|x86
		Debug|Itanium = Debug|Itanium
		Debug|x64 = Debug|x64
		Debug|x86 = Debug|x86
		Release DLL|Itanium = Release DLL|Itanium
		Release DLL|x64 = Release DLL|x64
		Release DLL|x86 = Release DLL|x86
		Release Unicode DLL|Itanium = Release Unicode DLL|Itanium
		Release Unicode DLL|x64 = Release Unicode DLL|x64
		Release Unicode DLL|x86 = Release Unicode DLL|x86
		Release Unicode|Itanium = Release Unicode|Itanium
		Release Unicode|x64 = Release Unicode|x64
		Release Unicode|x86 = Release Unicode|x86
		Release|Itanium = Release|Itanium
		Release|x64 = Release|x64
		Release|x86 = Release|x86
		Retail DLL|Itanium = Retail DLL|Itanium
		Retail DLL|x64 = Retail DLL|x64
		Retail DLL|x86 = Retail DLL|x86
		Retail Unicode DLL|Itanium = Retail Unicode DLL|Itanium
		Retail Unicode DLL|x64 = Retail Unicode DLL|x64
		Retail Unicode DLL|x86 = Retail Unicode DLL|x86
		Retail Unicode|Itanium = Retail Unicode|Itanium
		Retail Unicode|x64 = Retail Unicode|x64
		Retail Unicode|x86 = Retail Unicode|x86
		Retail|Itanium = Retail|Itanium
		Retail|x64 = Retail|x64
		Retail|x86 = Retail|x86
	EndGlobalSection
	GlobalSection(ProjectConfigurationPlatforms) = postSolution
		{74D457B3-2C50-42A5-A9F0-CB590A2FF610}.Debug DLL|Itanium.ActiveCfg = Release|x64
		{74D457B3-2C50-42A5-A9F0-CB590A2FF610}.Debug DLL|Itanium.Build.0 = Release|x64
		{74D457B3-2C50-42A5-A9F0-CB590A2FF610}.Debug DLL|x64.ActiveCfg = Debug|x64
		{74D457B3-2C50-42A5-A9F0-CB590A2FF610}.Debug DLL|x64.Build.0 = Debug|x64
		{74D457B3-2C50-42A5-A9F0-CB590A2FF610}.Debug DLL|x86.ActiveCfg = Release|x64
		{74D457B3-2C50-42A5-A9F0-CB590A2FF610}.Debug DLL|x86.Build.0 = Release|x64
		{74D457B3-2C50-42A5-A9F0-CB590A2FF610}.Debug Unicode DLL|Itanium.ActiveCfg = Release|x64
		{74D457B3-2C50-42A5-A9F0-CB590A2FF610}.Debug Unicode DLL|Itanium.Build.0 = Release|x64
		{74D457B3-2C50-42A5-A9F0-CB590A2FF610}.Debug Unicode DLL|x64.ActiveCfg = Debug|x64
		{74D457B3-2C50-42A5-A9F0-CB590A2FF610}.Debug Unicode DLL|x64.Build.0 = Debug|x64
		{74D457B3-2C50-42A5-A9F0-CB590A2FF610}.Debug Unicode DLL|x86.ActiveCfg = Release|x64
		{74D457B3-2C50-42A5-A9F0-CB590A2FF610}.Debug Unicode DLL|x86.Build.0 = Release|x64
		{74D457B3-2C50-42A5-A9F0-CB590A2FF610}.Debug Unicode|Itanium.ActiveCfg = Release|x64
		{74D457B3-2C50-42A5-A9F0-CB590A2FF610}.Debug Unicode|Itanium.Build.0 = Release|x64
		{74D457B3-2C50-42A5-A9F0-CB590A2FF610}.Debug Unicode|x64.ActiveCfg = Debug|x64
		{74D457B3-2C50-42A5-A9F0-CB590A2FF610}.Debug Unicode|x64.Build.0 = Debug|x64
		{74D457B3-2C50-42A5-A9F0-CB590A2FF610}.Debug Unicode|x86.ActiveCfg = Release|x64
		{74D457B3-2C50-42A5-A9F0-CB590A2FF610}.Debug Unicode|x86.Build.0 = Release|x64
		{74D457B3-2C50-42A5-A9F0-CB590A2FF610}.Debug|Itanium.ActiveCfg = Debug|x64
		{74D457B3-2C50-42A5-A9F0-CB590A2FF610}.Debug|x64.ActiveCfg = Debug|x64
		{74D457B3-2C50-42A5-A9F0-CB590A2FF610}.Debug|x64.Build.0 = Debug|x64
		{74D457B3-2C50-42A5-A9F0-CB590A2FF610}.Debug|x86.ActiveCfg = Debug|x64
		{74D457B3-2C50-42A5-A9F0-CB590A2FF610}.Release DLL|Itanium.ActiveCfg = Release|x64
		{74D457B3-2C50-42A5-A9F0-CB590A2FF610}.Release DLL|Itanium.Build.0 = Release|x64
		{74D457B3-2C50-42A5-A9F0-CB590A2FF610}.Release DLL|x64.ActiveCfg = Release|x64
		{74D457B3-2C50-42A5-A9F0-CB590A2FF610}.Release DLL|x64.Build.0 = Release|x64
		{74D457B3-2C50-42A5-A9F0-CB590A2FF610}.Release DLL|x86.ActiveCfg = Release|x64
		{74D457B3-2C50-42A5-A9F0-CB590A2FF610}.Release DLL|x86.Build.0 = Release|x64
		{74D457B3-2C50-42A5-A9F0-CB590A2FF610}.Release Unicode DLL|Itanium.ActiveCfg = Release|x64
		{74D457B3-2C50-42A5-A9F0-CB590A2FF610}.Release Unicode DLL|Itanium.Build.0 = Release|x64
		{74D457B3-2C50-42A5-A9F0-CB590A2FF610}.Release Unicode DLL|x64.ActiveCfg = Release|x64
		{74D457B3-2C50-42A5-A9F0-CB590A2FF610}.Release Unicode DLL|x64.Build.0 = Release|x64
		{74D457B3-2C50-42A5-A9F0-CB590A2FF610}.Release Unicode DLL|x86.ActiveCfg = Release|x64
		{74D457B3-2C50-42A5-A9F0-CB590A2FF610}.Release Unicode DLL|x86.Build.0 = Release|x64
		{74D457B3-2C50-42A5-A9F0-CB590A2FF610}.Release Unicode|Itanium.ActiveCfg = Release|x64
		{74D457B3-2C50-42A5-A9F0-CB590A2FF610}.Release Unicode|Itanium.Build.0 = Release|x64
		{74D457B3-2C50-42A5-A9F0-CB590A2FF610}.Release Unicode|x64.ActiveCfg = Release|x64
		{74D457B3-2C50-42A5-A9F0-CB590A2FF610}.Release Unicode|x64.Build.0 = Release|x64
		{74D457B3-2C50-42A5-A9F0-CB590A2FF610}.Release Unicode|x86.ActiveCfg = Release|x64
		{74D457B3-2C50-42A5-A9F0-CB590A2FF610}.Release Unicode|x86.Build.0 = Release|x64
		{74D457B3-2C50-42A5-A9F0-CB590A2FF610}.Release|Itanium.ActiveCfg = Release|x64
		{74D457B3-2C50-42A5-A9F0-CB590A2FF610}.Release|x64.ActiveCfg = Release|x64
		{74D457B3-2C50-42A5-A9F0-CB590A2FF610}.Release|x64.Build.0 = Release|x64
		{74D457B3-2C50-42A5-A9F0-CB590A2FF610}.Release|x86.ActiveCfg = Release|x64
		{74D457B3-2C50-42A5-A9F0-CB590A2FF610}.Retail DLL|Itanium.ActiveCfg = Release|x64
		{74D457B3-2C50-42A5-A9F0-CB590A2FF610}.Retail DLL|Itanium.Build.0 = Release|x64
		{74D457B3-2C50-42A5-A9F0-CB590A2FF610}.Retail DLL|x64.ActiveCfg = Release|x64
		{74D457B3-2C50-42A5-A9F0-CB590A2FF610}.Retail DLL|x64.Build.0 = Release|x64
		{74D457B3-2C50-42A5-A9F0-CB590A2FF610}.Retail DLL|x86.ActiveCfg = Release|x64
		{74D457B3-2C50-42A5-A9F0-CB590A2FF610}.Retail DLL|x86.Build.0 = Release|x64
		{74D457B3-2C50-42A5-A9F0-CB590A2FF610}.Retail Unicode DLL|Itanium.ActiveCfg = Release|x64
		{74D457B3-2C50-42A5-A9F0-CB590A2FF610}.Retail Unicode DLL|Itanium.Build.0 = Release|x64
		{74D457B3-2C50-42A5-A9F0-CB590A2FF610}.Retail Unicode DLL|x64.ActiveCfg = Release|x64
		{74D457B3-2C50-42A5-A9F0-CB590A2FF610}.Retail Unicode DLL|x64.Build.0 = Release|x64
		{74D457B3-2C50-42A5-A9F0-CB590A2FF610}.Retail Unicode DLL|x86.ActiveCfg = Release|x64
		{74D457B3-2C50-42A5-A9F0-CB590A2FF610}.Retail Unicode DLL|x86.Build.0 = Release|x64
		{74D457B3-2C50-42A5-A9F0-CB590A2FF610}.Retail Unicode|Itanium.ActiveCfg = Release|x64
		{74D457B3-2C50-42A5-A9F0-CB590A2FF610}.Retail Unicode|Itanium.Build.0 = Release|x64
		{74D457B3-2C50-42A5-A9F0-CB590A2FF610}.Retail Unicode|x64.ActiveCfg = Release|x64
		{74D457B3-2C50-42A5-A9F0-CB590A2FF610}.Retail Unicode|x64.Build.0 = Release|x64
		{74D457B3-2C50-42A5-A9F0-CB590A2FF610}.Retail Unicode|x86.ActiveCfg = Release|x64
		{74D457B3-2C50-42A5-A9F0-CB590A2FF610}.Retail Unicode|x86.Build.0 = Release|x64
		{74D457B3-2C50-42A5-A9F0-CB590A2FF610}.Retail|Itanium.ActiveCfg = Release|x64
		{74D457B3-2C50-42A5-A9F0-CB590A2FF610}.Retail|Itanium.Build.0 = Release|x64
		{74D457B3-2C50-42A5-A9F0-CB590A2FF610}.Retail|x64.ActiveCfg = Release|x64
		{74D457B3-2C50-42A5-A9F0-CB590A2FF610}.Retail|x64.Build.0 = Release|x64
		{74D457B3-2C50-42A5-A9F0-CB590A2FF610}.Retail|x86.ActiveCfg = Release|x64
		{74D457B3-2C50-42A5-A9F0-CB590A2FF610}.Retail|x86.Build.0 = Release|x64
		{B4772F70-BB96-4E80-BF05-8BEDD8F8DA97}.Debug DLL|Itanium.ActiveCfg = Release|x64
		{B4772F70-BB96-4E80-BF05-8BEDD8F8DA97}.Debug DLL|Itanium.Build.0 = Release|x64
		{B4772F70-BB96-4E80-BF05-8BEDD8F8DA97}.Debug DLL|x64.ActiveCfg = Debug|x64
		{B4772F70-BB96-4E80-BF05-8BEDD8F8DA97}.Debug DLL|x64.Build.0 = Debug|x64
		{B4772F70-BB96-4E80-BF05-8BEDD8F8DA97}.Debug DLL|x86.ActiveCfg = Debug|Win32
		{B4772F70-BB96-4E80-BF05-8BEDD8F8DA97}.Debug DLL|x86.Build.0 = Debug|Win32
		{B4772F70-BB96-4E80-BF05-8BEDD8F8DA97}.Debug Unicode DLL|Itanium.ActiveCfg = Release|x64
		{B4772F70-BB96-4E80-BF05-8BEDD8F8DA97}.Debug Unicode DLL|Itanium.Build.0 = Release|x64
		{B4772F70-BB96-4E80-BF05-8BEDD8F8DA97}.Debug Unicode DLL|x64.ActiveCfg = Debug|x64
		{B4772F70-BB96-4E80-BF05-8BEDD8F8DA97}.Debug Unicode DLL|x64.Build.0 = Debug|x64
		{B4772F70-BB96-4E80-BF05-8BEDD8F8DA97}.Debug Unicode DLL|x86.ActiveCfg = Debug|Win32
		{B4772F70-BB96-4E80-BF05-8BEDD8F8DA97}.Debug Unicode DLL|x86.Build.0 = Debug|Win32
		{B4772F70-BB96-4E80-BF05-8BEDD8F8DA97}.Debug Unicode|Itanium.ActiveCfg = Release|x64
		{B4772F70-BB96-4E80-BF05-8BEDD8F8DA97}.Debug Unicode|Itanium.Build.0 = Release|x64
		{B4772F70-BB96-4E80-BF05-8BEDD8F8DA97}.Debug Unicode|x64.ActiveCfg = Debug|x64
		{B4772F70-BB96-4E80-BF05-8BEDD8F8DA97}.Debug Unicode|x64.Build.0 = Debug|x64
		{B4772F70-BB96-4E80-BF05-8BEDD8F8DA97}.Debug Unicode|x86.ActiveCfg = Debug|Win32
		{B4772F70-BB96-4E80-BF05-8BEDD8F8DA97}.Debug Unicode|x86.Build.0 = Debug|Win32
		{B4772F70-BB96-4E80-BF05-8BEDD8F8DA97}.Debug|Itanium.ActiveCfg = Debug|Win32
		{B4772F70-BB96-4E80-BF05-8BEDD8F8DA97}.Debug|x64.ActiveCfg = Debug|x64
		{B4772F70-BB96-4E80-BF05-8BEDD8F8DA97}.Debug|x64.Build.0 = Debug|x64
		{B4772F70-BB96-4E80-BF05-8BEDD8F8DA97}.Debug|x86.ActiveCfg = Debug|Win32
		{B4772F70-BB96-4E80-BF05-8BEDD8F8DA97}.Debug|x86.Build.0 = Debug|Win32
		{B4772F70-BB96-4E80-BF05-8BEDD8F8DA97}.Release DLL|Itanium.ActiveCfg = Release|x64
		{B4772F70-BB96-4E80-BF05-8BEDD8F8DA97}.Release DLL|Itanium.Build.0 = Release|x64
		{B4772F70-BB96-4E80-BF05-8BEDD8F8DA97}.Release DLL|x64.ActiveCfg = Release|x64
		{B4772F70-BB96-4E80-BF05-8BEDD8F8DA97}.Release DLL|x64.Build.0 = Release|x64
		{B4772F70-BB96-4E80-BF05-8BEDD8F8DA97}.Release DLL|x86.ActiveCfg = Release|Win32
		{B4772F70-BB96-4E80-BF05-8BEDD8F8DA97}.Release DLL|x86.Build.0 = Release|Win32
		{B4772F70-BB96-4E80-BF05-8BEDD8F8DA97}.Release Unicode DLL|Itanium.ActiveCfg = Release|x64
		{B4772F70-BB96-4E80-BF05-8BEDD8F8DA97}.Release Unicode DLL|Itanium.Build.0 = Release|x64
		{B4772F70-BB96-4E80-BF05-8BEDD8F8DA97}.Release Unicode DLL|x64.ActiveCfg = Release|x64
		{B4772F70-BB96-4E80-BF05-8BEDD8F8DA97}.Release Unicode DLL|x64.Build.0 = Release|x64
		{B4772F70-BB96-4E80-BF05-8BEDD8F8DA97}.Release Unicode DLL|x86.ActiveCfg = Release|Win32
		{B4772F70-BB96-4E80-BF05-8BEDD8F8DA97}.Release Unicode DLL|x86.Build.0 = Release|Win32
		{B4772F70-BB96-4E80-BF05-8BEDD8F8DA97}.Release Unicode|Itanium.ActiveCfg = Release|x64
		{B4772F70-BB96-4E80-BF05-8BEDD8F8DA97}.Release Unicode|Itanium.Build.0 = Release|x64
		{B4772F70-BB96-4E80-BF05-8BEDD8F8DA97}.Release Unicode|x64.ActiveCfg = Release|x64
		{B4772F70-BB96-4E80-BF05-8BEDD8F8DA97}.Release Unicode|x64.Build.0 = Release|x64
		{B4772F70-BB96-4E80-BF05-8BEDD8F8DA97}.Release Unicode|x86.ActiveCfg = Release|Win32
		{B4772F70-BB96-4E80-BF05-8BEDD8F8DA97}.Release Unicode|x86.Build.0 = Release|Win32
		{B4772F70-BB96-4E80-BF05-8BEDD8F8DA97}.Release|Itanium.ActiveCfg = Release|Win32
		{B4772F70-BB96-4E80-BF05-8BEDD8F8DA97}.Release|x64.ActiveCfg = Release|x64
		{B4772F70-BB96-4E80-BF05-8BEDD8F8DA97}.Release|x64.Build.0 = Release|x64
		{B4772F70-BB96-4E80-BF05-8BEDD8F8DA97}.Release|x86.ActiveCfg = Release|Win32
		{B4772F70-BB96-4E80-BF05-8BEDD8F8DA97}.Release|x86.Build.0 = Release|Win32
		{B4772F70-BB96-4E80-BF05-8BEDD8F8DA97}.Retail DLL|Itanium.ActiveCfg = Release|x64
		{B4772F70-BB96-4E80-BF05-8BEDD8F8DA97}.Retail DLL|Itanium.Build.0 = Release|x64
		{B4772F70-BB96-4E80-BF05-8BEDD8F8DA97}.Retail DLL|x64.ActiveCfg = Release|x64
		{B4772F70-BB96-4E80-BF05-8BEDD8F8DA97}.Retail DLL|x64.Build.0 = Release|x64
		{B4772F70-BB96-4E80-BF05-8BEDD8F8DA97}.Retail DLL|x86.ActiveCfg = Release|Win32
		{B4772F70-BB96-4E80-BF05-8BEDD8F8DA97}.Retail DLL|x86.Build.0 = Release|Win32
		{B4772F70-BB96-4E80-BF05-8BEDD8F8DA97}.Retail Unicode DLL|Itanium.ActiveCfg = Release|x64
		{B4772F70-BB96-4E80-BF05-8BEDD8F8DA97}.Retail Unicode DLL|Itanium.Build.0 = Release|x64
		{B4772F70-BB96-4E80-BF05-8BEDD8F8DA97}.Retail Unicode DLL|x64.ActiveCfg = Release|x64
		{B4772F70-BB96-4E80-BF05-8BEDD8F8DA97}.Retail Unicode DLL|x64.Build.0 = Release|x64
		{B4772F70-BB96-4E80-BF05-8BEDD8F8DA97}.Retail Unicode DLL|x86.ActiveCfg = Release|Win32
		{B4772F70-BB96-4E80-BF05-8BEDD8F8DA97}.Retail Unicode DLL|x86.Build.0 = Release|Win32
		{B4772F70-BB96-4E80-BF05-8BEDD8F8DA97}.Retail Unicode|Itanium.ActiveCfg = Release|x64
		{B4772F70-BB96-4E80-BF05-8BEDD8F8DA97}.Retail Unicode|Itanium.Build.0 = Release|x64
		{B4772F70-BB96-4E80-BF05-8BEDD8F8DA97}.Retail Unicode|x64.ActiveCfg = Release|x64
		{B4772F70-BB96-4E80-BF05-8BEDD8F8DA97}.Retail Unicode|x64.Build.0 = Release|x64
		{B4772F70-BB96-4E80-BF05-8BEDD8F8DA97}.Retail Unicode|x86.ActiveCfg = Release|Win32
		{B4772F70-BB96-4E80-BF05-8BEDD8F8DA97}.Retail Unicode|x86.Build.0 = Release|Win32
		{B4772F70-BB96-4E80-BF05-8BEDD8F8DA97}.Retail|Itanium.ActiveCfg = Release|x64
		{B4772F70-BB96-4E80-BF05-8BEDD8F8DA97}.Retail|Itanium.Build.0 = Release|x64
		{B4772F70-BB96-4E80-BF05-8BEDD8F8DA97}.Retail|x64.ActiveCfg = Release|x64
		{B4772F70-BB96-4E80-BF05-8BEDD8F8DA97}.Retail|x64.Build.0 = Release|x64
		{B4772F70-BB96-4E80-BF05-8BEDD8F8DA97}.Retail|x86.ActiveCfg = Release|Win32
		{B4772F70-BB96-4E80-BF05-8BEDD8F8DA97}.Retail|x86.Build.0 = Release|Win32
		{8F0A46A6-E977-4019-96EF-6FA8EF45B277}.Debug DLL|Itanium.ActiveCfg = Debug|Itanium
		{8F0A46A6-E977-4019-96EF-6FA8EF45B277}.Debug DLL|Itanium.Build.0 = Debug|Itanium
		{8F0A46A6-E977-4019-96EF-6FA8EF45B277}.Debug DLL|x64.ActiveCfg = Debug|x64
		{8F0A46A6-E977-4019-96EF-6FA8EF45B277}.Debug DLL|x64.Build.0 = Debug|x64
		{8F0A46A6-E977-4019-96EF-6FA8EF45B277}.Debug DLL|x86.ActiveCfg = Debug|Win32
		{8F0A46A6-E977-4019-96EF-6FA8EF45B277}.Debug DLL|x86.Build.0 = Debug|Win32
		{8F0A46A6-E977-4019-96EF-6FA8EF45B277}.Debug Unicode DLL|Itanium.ActiveCfg = Debug|Itanium
		{8F0A46A6-E977-4019-96EF-6FA8EF45B277}.Debug Unicode DLL|Itanium.Build.0 = Debug|Itanium
		{8F0A46A6-E977-4019-96EF-6FA8EF45B277}.Debug Unicode DLL|x64.ActiveCfg = Debug|x64
		{8F0A46A6-E977-4019-96EF-6FA8EF45B277}.Debug Unicode DLL|x64.Build.0 = Debug|x64
		{8F0A46A6-E977-4019-96EF-6FA8EF45B277}.Debug Unicode DLL|x86.ActiveCfg = Debug|Win32
		{8F0A46A6-E977-4019-96EF-6FA8EF45B277}.Debug Unicode DLL|x86.Build.0 = Debug|Win32
		{8F0A46A6-E977-4019-96EF-6FA8EF45B277}.Debug Unicode|Itanium.ActiveCfg = Debug|Itanium
		{8F0A46A6-E977-4019-96EF-6FA8EF45B277}.Debug Unicode|Itanium.Build.0 = Debug|Itanium
		{8F0A46A6-E977-4019-96EF-6FA8EF45B277}.Debug Unicode|x64.ActiveCfg = Debug|x64
		{8F0A46A6-E977-4019-96EF-6FA8EF45B277}.Debug Unicode|x64.Build.0 = Debug|x64
		{8F0A46A6-E977-4019-96EF-6FA8EF45B277}.Debug Unicode|x86.ActiveCfg = Debug|Win32
		{8F0A46A6-E977-4019-96EF-6FA8EF45B277}.Debug Unicode|x86.Build.0 = Debug|Win32
		{8F0A46A6-E977-4019-96EF-6FA8EF45B277}.Debug|Itanium.ActiveCfg = Debug|Itanium
		{8F0A46A6-E977-4019-96EF-6FA8EF45B277}.Debug|Itanium.Build.0 = Debug|Itanium
		{8F0A46A6-E977-4019-96EF-6FA8EF45B277}.Debug|x64.ActiveCfg = Debug|x64
		{8F0A46A6-E977-4019-96EF-6FA8EF45B277}.Debug|x64.Build.0 = Debug|x64
		{8F0A46A6-E977-4019-96EF-6FA8EF45B277}.Debug|x86.ActiveCfg = Debug|Win32
		{8F0A46A6-E977-4019-96EF-6FA8EF45B277}.Debug|x86.Build.0 = Debug|Win32
		{8F0A46A6-E977-4019-96EF-6FA8EF45B277}.Release DLL|Itanium.ActiveCfg = Release|Itanium
		{8F0A46A6-E977-4019-96EF-6FA8EF45B277}.Release DLL|Itanium.Build.0 = Release|Itanium
		{8F0A46A6-E977-4019-96EF-6FA8EF45B277}.Release DLL|x64.ActiveCfg = Release|x64
		{8F0A46A6-E977-4019-96EF-6FA8EF45B277}.Release DLL|x64.Build.0 = Release|x64
		{8F0A46A6-E977-4019-96EF-6FA8EF45B277}.Release DLL|x86.ActiveCfg = Release|Win32
		{8F0A46A6-E977-4019-96EF-6FA8EF45B277}.Release DLL|x86.Build.0 = Release|Win32
		{8F0A46A6-E977-4019-96EF-6FA8EF45B277}.Release Unicode DLL|Itanium.ActiveCfg = Release|Itanium
		{8F0A46A6-E977-4019-96EF-6FA8EF45B277}.Release Unicode DLL|Itanium.Build.0 = Release|Itanium
		{8F0A46A6-E977-4019-96EF-6FA8EF45B277}.Release Unicode DLL|x64.ActiveCfg = Release|x64
		{8F0A46A6-E977-4019-96EF-6FA8EF45B277}.Release Unicode DLL|x64.Build.0 = Release|x64
		{8F0A46A6-E977-4019-96EF-6FA8EF45B277}.Release Unicode DLL|x86.ActiveCfg = Release|Win32
		{8F0A46A6-E977-4019-96EF-6FA8EF45B277}.Release Unicode DLL|x86.Build.0 = Release|Win32
		{8F0A46A6-E977-4019-96EF-6FA8EF45B277}.Release Unicode|Itanium.ActiveCfg = Release|Itanium
		{8F0A46A6-E977-4019-96EF-6FA8EF45B277}.Release Unicode|Itanium.Build.0 = Release|Itanium
		{8F0A46A6-E977-4019-96EF-6FA8EF45B277}.Release Unicode|x64.ActiveCfg = Release|x64
		{8F0A46A6-E977-4019-96EF-6FA8EF45B277}.Release Unicode|x64.Build.0 = Release|x64
		{8F0A46A6-E977-4019-96EF-6FA8EF45B277}.Release Unicode|x86.ActiveCfg = Release|Win32
		{8F0A46A6-E977-4019-96EF-6FA8EF45B277}.Release Unicode|x86.Build.0 = Release|Win32
		{8F0A46A6-E977-4019-96EF-6FA8EF45B277}.Release|Itanium.ActiveCfg = Release|Itanium
		{8F0A46A6-E977-4019-96EF-6FA8EF45B277}.Release|Itanium.Build.0 = Release|Itanium
		{8F0A46A6-E977-4019-96EF-6FA8EF45B277}.Release|x64.ActiveCfg = Release|x64
		{8F0A46A6-E977-4019-96EF-6FA8EF45B277}.Release|x64.Build.0 = Release|x64
		{8F0A46A6-E977-4019-96EF-6FA8EF45B277}.Release|x86.ActiveCfg = Release|Win32
		{8F0A46A6-E977-4019-96EF-6FA8EF45B277}.Release|x86.Build.0 = Release|Win32
		{8F0A46A6-E977-4019-96EF-6FA8EF45B277}.Retail DLL|Itanium.ActiveCfg = Release|Itanium
		{8F0A46A6-E977-4019-96EF-6FA8EF45B277}.Retail DLL|Itanium.Build.0 = Release|Itanium
		{8F0A46A6-E977-4019-96EF-6FA8EF45B277}.Retail DLL|x64.ActiveCfg = Release|x64
		{8F0A46A6-E977-4019-96EF-6FA8EF45B277}.Retail DLL|x64.Build.0 = Release|x64
		{8F0A46A6-E977-4019-96EF-6FA8EF45B277}.Retail DLL|x86.ActiveCfg = Release|Win32
		{8F0A46A6-E977-4019-96EF-6FA8EF45B277}.Retail DLL|x86.Build.0 = Release|Win32
		{8F0A46A6-E977-4019-96EF-6FA8EF45B277}.Retail Unicode DLL|Itanium.ActiveCfg = Release|Itanium
		{8F0A46A6-E977-4019-96EF-6FA8EF45B277}.Retail Unicode DLL|Itanium.Build.0 = Release|Itanium
		{8F0A46A6-E977-4019-96EF-6FA8EF45B277}.Retail Unicode DLL|x64.ActiveCfg = Release|x64
		{8F0A46A6-E977-4019-96EF-6FA8EF45B277}.Retail Unicode DLL|x64.Build.0 = Release|x64
		{8F0A46A6-E977-4019-96EF-6FA8EF45B277}.Retail Unicode DLL|x86.ActiveCfg = Release|Win32
		{8F0A46A6-E977-4019-96EF-6FA8EF45B277}.Retail Unicode DLL|x86.Build.0 = Release|Win32
		{8F0A46A6-E977-4019-96EF-6FA8EF45B277}.Retail Unicode|Itanium.ActiveCfg = Release|Itanium
		{8F0A46A6-E977-4019-96EF-6FA8EF45B277}.Retail Unicode|Itanium.Build.0 = Release|Itanium
		{8F0A46A6-E977-4019-96EF-6FA8EF45B277}.Retail Unicode|x64.ActiveCfg = Release|x64
		{8F0A46A6-E977-4019-96EF-6FA8EF45B277}.Retail Unicode|x64.Build.0 = Release|x64
		{8F0A46A6-E977-4019-96EF-6FA8EF45B277}.Retail Unicode|x86.ActiveCfg = Release|Win32
		{8F0A46A6-E977-4019-96EF-6FA8EF45B277}.Retail Unicode|x86.Build.0 = Release|Win32
		{8F0A46A6-E977-4019-96EF-6FA8EF45B277}.Retail|Itanium.ActiveCfg = Release|Itanium
		{8F0A46A6-E977-4019-96EF-6FA8EF45B277}.Retail|Itanium.Build.0 = Release|Itanium
		{8F0A46A6-E977-4019-96EF-6FA8EF45B277}.Retail|x64.ActiveCfg = Release|x64
		{8F0A46A6-E977-4019-96EF-6FA8EF45B277}.Retail|x64.Build.0 = Release|x64
		{8F0A46A6-E977-4019-96EF-6FA8EF45B277}.Retail|x86.ActiveCfg = Release|Win32
		{8F0A46A6-E977-4019-96EF-6FA8EF45B277}.Retail|x86.Build.0 = Release|Win32
		{FF956BB3-F377-43A8-AB31-633299BDF6C6}.Debug DLL|Itanium.ActiveCfg = Debug DLL|Win32
		{FF956BB3-F377-43A8-AB31-633299BDF6C6}.Debug DLL|x64.ActiveCfg = Debug DLL|x64
		{FF956BB3-F377-43A8-AB31-633299BDF6C6}.Debug DLL|x64.Build.0 = Debug DLL|x64
		{FF956BB3-F377-43A8-AB31-633299BDF6C6}.Debug DLL|x86.ActiveCfg = Debug DLL|Win32
		{FF956BB3-F377-43A8-AB31-633299BDF6C6}.Debug DLL|x86.Build.0 = Debug DLL|Win32
		{FF956BB3-F377-43A8-AB31-633299BDF6C6}.Debug Unicode DLL|Itanium.ActiveCfg = Debug Unicode DLL|Win32
		{FF956BB3-F377-43A8-AB31-633299BDF6C6}.Debug Unicode DLL|x64.ActiveCfg = Debug Unicode DLL|x64
		{FF956BB3-F377-43A8-AB31-633299BDF6C6}.Debug Unicode DLL|x64.Build.0 = Debug Unicode DLL|x64
		{FF956BB3-F377-43A8-AB31-633299BDF6C6}.Debug Unicode DLL|x86.ActiveCfg = Debug Unicode DLL|Win32
		{FF956BB3-F377-43A8-AB31-633299BDF6C6}.Debug Unicode DLL|x86.Build.0 = Debug Unicode DLL|Win32
		{FF956BB3-F377-43A8-AB31-633299BDF6C6}.Debug Unicode|Itanium.ActiveCfg = Debug Unicode|Win32
		{FF956BB3-F377-43A8-AB31-633299BDF6C6}.Debug Unicode|x64.ActiveCfg = Debug Unicode|x64
		{FF956BB3-F377-43A8-AB31-633299BDF6C6}.Debug Unicode|x64.Build.0 = Debug Unicode|x64
		{FF956BB3-F377-43A8-AB31-633299BDF6C6}.Debug Unicode|x86.ActiveCfg = Debug Unicode|Win32
		{FF956BB3-F377-43A8-AB31-633299BDF6C6}.Debug Unicode|x86.Build.0 = Debug Unicode|Win32
		{FF956BB3-F377-43A8-AB31-633299BDF6C6}.Debug|Itanium.ActiveCfg = Debug|Win32
		{FF956BB3-F377-43A8-AB31-633299BDF6C6}.Debug|x64.ActiveCfg = Debug|x64
		{FF956BB3-F377-43A8-AB31-633299BDF6C6}.Debug|x64.Build.0 = Debug|x64
		{FF956BB3-F377-43A8-AB31-633299BDF6C6}.Debug|x86.ActiveCfg = Debug|Win32
		{FF956BB3-F377-43A8-AB31-633299BDF6C6}.Debug|x86.Build.0 = Debug|Win32
		{FF956BB3-F377-43A8-AB31-633299BDF6C6}.Release DLL|Itanium.ActiveCfg = Release DLL|Win32
		{FF956BB3-F377-43A8-AB31-633299BDF6C6}.Release DLL|x64.ActiveCfg = Release DLL|x64
		{FF956BB3-F377-43A8-AB31-633299BDF6C6}.Release DLL|x64.Build.0 = Release DLL|x64
		{FF956BB3-F377-43A8-AB31-633299BDF6C6}.Release DLL|x86.ActiveCfg = Release DLL|Win32
		{FF956BB3-F377-43A8-AB31-633299BDF6C6}.Release DLL|x86.Build.0 = Release DLL|Win32
		{FF956BB3-F377-43A8-AB31-633299BDF6C6}.Release Unicode DLL|Itanium.ActiveCfg = Release Unicode DLL|Win32
		{FF956BB3-F377-43A8-AB31-633299BDF6C6}.Release Unicode DLL|x64.ActiveCfg = Release Unicode DLL|x64
		{FF956BB3-F377-43A8-AB31-633299BDF6C6}.Release Unicode DLL|x64.Build.0 = Release Unicode DLL|x64
		{FF956BB3-F377-43A8-AB31-633299BDF6C6}.Release Unicode DLL|x86.ActiveCfg = Release Unicode DLL|Win32
		{FF956BB3-F377-43A8-AB31-633299BDF6C6}.Release Unicode DLL|x86.Build.0 = Release Unicode DLL|Win32
		{FF956BB3-F377-43A8-AB31-633299BDF6C6}.Release Unicode|Itanium.ActiveCfg = Release Unicode|Win32
		{FF956BB3-F377-43A8-AB31-633299BDF6C6}.Release Unicode|x64.ActiveCfg = Release Unicode|x64
		{FF956BB3-F377-43A8-AB31-633299BDF6C6}.Release Unicode|x64.Build.0 = Release Unicode|x64
		{FF956BB3-F377-43A8-AB31-633299BDF6C6}.Release Unicode|x86.ActiveCfg = Release Unicode|Win32
		{FF956BB3-F377-43A8-AB31-633299BDF6C6}.Release Unicode|x86.Build.0 = Release Unicode|Win32
		{FF956BB3-F377-43A8-AB31-633299BDF6C6}.Release|Itanium.ActiveCfg = Release|Win32
		{FF956BB3-F377-43A8-AB31-633299BDF6C6}.Release|x64.ActiveCfg = Release|x64
		{FF956BB3-F377-43A8-AB31-633299BDF6C6}.Release|x64.Build.0 = Release|x64
		{FF956BB3-F377-43A8-AB31-633299BDF6C6}.Release|x86.ActiveCfg = Release|Win32
		{FF956BB3-F377-43A8-AB31-633299BDF6C6}.Release|x86.Build.0 = Release|Win32
		{FF956BB3-F377-43A8-AB31-633299BDF6C6}.Retail DLL|Itanium.ActiveCfg = Retail DLL|Win32
		{FF956BB3-F377-43A8-AB31-633299BDF6C6}.Retail DLL|x64.ActiveCfg = Retail DLL|x64
		{FF956BB3-F377-43A8-AB31-633299BDF6C6}.Retail DLL|x64.Build.0 = Retail DLL|x64
		{FF956BB3-F377-43A8-AB31-633299BDF6C6}.Retail DLL|x86.ActiveCfg = Retail DLL|Win32
		{FF956BB3-F377-43A8-AB31-633299BDF6C6}.Retail DLL|x86.Build.0 = Retail DLL|Win32
		{FF956BB3-F377-43A8-AB31-633299BDF6C6}.Retail Unicode DLL|Itanium.ActiveCfg = Retail Unicode DLL|Win32
		{FF956BB3-F377-43A8-AB31-633299BDF6C6}.Retail Unicode DLL|x64.ActiveCfg = Retail Unicode DLL|x64
		{FF956BB3-F377-43A8-AB31-633299BDF6C6}.Retail Unicode DLL|x64.Build.0 = Retail Unicode DLL|x64
		{FF956BB3-F377-43A8-AB31-633299BDF6C6}.Retail Unicode DLL|x86.ActiveCfg = Retail Unicode DLL|Win32
		{FF956BB3-F377-43A8-AB31-633299BDF6C6}.Retail Unicode DLL|x86.Build.0 = Retail Unicode DLL|Win32
		{FF956BB3-F377-43A8-AB31-633299BDF6C6}.Retail Unicode|Itanium.ActiveCfg = Retail Unicode|Win32
		{FF956BB3-F377-43A8-AB31-633299BDF6C6}.Retail Unicode|x64.ActiveCfg = Retail Unicode|x64
		{FF956BB3-F377-43A8-AB31-633299BDF6C6}.Retail Unicode|x64.Build.0 = Retail Unicode|x64
		{FF956BB3-F377-43A8-AB31-633299BDF6C6}.Retail Unicode|x86.ActiveCfg = Retail Unicode|Win32
		{FF956BB3-F377-43A8-AB31-633299BDF6C6}.Retail Unicode|x86.Build.0 = Retail Unicode|Win32
		{FF956BB3-F377-43A8-AB31-633299BDF6C6}.Retail|Itanium.ActiveCfg = Retail|Win32
		{FF956BB3-F377-43A8-AB31-633299BDF6C6}.Retail|x64.ActiveCfg = Retail|x64
		{FF956BB3-F377-43A8-AB31-633299BDF6C6}.Retail|x64.Build.0 = Retail|x64
		{FF956BB3-F377-43A8-AB31-633299BDF6C6}.Retail|x86.ActiveCfg = Retail|Win32
		{FF956BB3-F377-43A8-AB31-633299BDF6C6}.Retail|x86.Build.0 = Retail|Win32
		{5A441CC6-F281-4A83-8BC4-323D4148C7C0}.Debug DLL|Itanium.ActiveCfg = Debug DLL|Win32
		{5A441CC6-F281-4A83-8BC4-323D4148C7C0}.Debug DLL|x64.ActiveCfg = Debug DLL|x64
		{5A441CC6-F281-4A83-8BC4-323D4148C7C0}.Debug DLL|x64.Build.0 = Debug DLL|x64
		{5A441CC6-F281-4A83-8BC4-323D4148C7C0}.Debug DLL|x86.ActiveCfg = Debug DLL|Win32
		{5A441CC6-F281-4A83-8BC4-323D4148C7C0}.Debug DLL|x86.Build.0 = Debug DLL|Win32
		{5A441CC6-F281-4A83-8BC4-323D4148C7C0}.Debug Unicode DLL|Itanium.ActiveCfg = Debug Unicode DLL|Win32
		{5A441CC6-F281-4A83-8BC4-323D4148C7C0}.Debug Unicode DLL|x64.ActiveCfg = Debug Unicode DLL|x64
		{5A441CC6-F281-4A83-8BC4-323D4148C7C0}.Debug Unicode DLL|x64.Build.0 = Debug Unicode DLL|x64
		{5A441CC6-F281-4A83-8BC4-323D4148C7C0}.Debug Unicode DLL|x86.ActiveCfg = Debug Unicode DLL|Win32
		{5A441CC6-F281-4A83-8BC4-323D4148C7C0}.Debug Unicode DLL|x86.Build.0 = Debug Unicode DLL|Win32
		{5A441CC6-F281-4A83-8BC4-323D4148C7C0}.Debug Unicode|Itanium.ActiveCfg = Debug Unicode|Win32
		{5A441CC6-F281-4A83-8BC4-323D4148C7C0}.Debug Unicode|x64.ActiveCfg = Debug Unicode|x64
		{5A441CC6-F281-4A83-8BC4-323D4148C7C0}.Debug Unicode|x64.Build.0 = Debug Unicode|x64
		{5A441CC6-F281-4A83-8BC4-323D4148C7C0}.Debug Unicode|x86.ActiveCfg = Debug Unicode|Win32
		{5A441CC6-F281-4A83-8BC4-323D4148C7C0}.Debug Unicode|x86.Build.0 = Debug Unicode|Win32
		{5A441CC6-F281-4A83-8BC4-323D4148C7C0}.Debug|Itanium.ActiveCfg = Debug|Win32
		{5A441CC6-F281-4A83-8BC4-323D4148C7C0}.Debug|x64.ActiveCfg = Debug|x64
		{5A441CC6-F281-4A83-8BC4-323D4148C7C0}.Debug|x64.Build.0 = Debug|x64
		{5A441CC6-F281-4A83-8BC4-323D4148C7C0}.Debug|x86.ActiveCfg = Debug|Win32
		{5A441CC6-F281-4A83-8BC4-323D4148C7C0}.Debug|x86.Build.0 = Debug|Win32
		{5A441CC6-F281-4A83-8BC4-323D4148C7C0}.Release DLL|Itanium.ActiveCfg = Release DLL|Win32
		{5A441CC6-F281-4A83-8BC4-323D4148C7C0}.Release DLL|x64.ActiveCfg = Release DLL|x64
		{5A441CC6-F281-4A83-8BC4-323D4148C7C0}.Release DLL|x64.Build.0 = Release DLL|x64
		{5A441CC6-F281-4A83-8BC4-323D4148C7C0}.Release DLL|x86.ActiveCfg = Release DLL|Win32
		{5A441CC6-F281-4A83-8BC4-323D4148C7C0}.Release DLL|x86.Build.0 = Release DLL|Win32
		{5A441CC6-F281-4A83-8BC4-323D4148C7C0}.Release Unicode DLL|Itanium.ActiveCfg = Release Unicode DLL|Win32
		{5A441CC6-F281-4A83-8BC4-323D4148C7C0}.Release Unicode DLL|x64.ActiveCfg = Release Unicode DLL|x64
		{5A441CC6-F281-4A83-8BC4-323D4148C7C0}.Release Unicode DLL|x64.Build.0 = Release Unicode DLL|x64
		{5A441CC6-F281-4A83-8BC4-323D4148C7C0}.Release Unicode DLL|x86.ActiveCfg = Release Unicode DLL|Win32
		{5A441CC6-F281-4A83-8BC4-323D4148C7C0}.Release Unicode DLL|x86.Build.0 = Release Unicode DLL|Win32
		{5A441CC6-F281-4A83-8BC4-323D4148C7C0}.Release Unicode|Itanium.ActiveCfg = Release Unicode|Win32
		{5A441CC6-F281-4A83-8BC4-323D4148C7C0}.Release Unicode|x64.ActiveCfg = Release Unicode|x64
		{5A441CC6-F281-4A83-8BC4-323D4148C7C0}.Release Unicode|x64.Build.0 = Release Unicode|x64
		{5A441CC6-F281-4A83-8BC4-323D4148C7C0}.Release Unicode|x86.ActiveCfg = Release Unicode|Win32
		{5A441CC6-F281-4A83-8BC4-323D4148C7C0}.Release Unicode|x86.Build.0 = Release Unicode|Win32
		{5A441CC6-F281-4A83-8BC4-323D4148C7C0}.Release|Itanium.ActiveCfg = Release|Win32
		{5A441CC6-F281-4A83-8BC4-323D4148C7C0}.Release|x64.ActiveCfg = Release|x64
		{5A441CC6-F281-4A83-8BC4-323D4148C7C0}.Release|x64.Build.0 = Release|x64
		{5A441CC6-F281-4A83-8BC4-323D4148C7C0}.Release|x86.ActiveCfg = Release|Win32
		{5A441CC6-F281-4A83-8BC4-323D4148C7C0}.Release|x86.Build.0 = Release|Win32
		{5A441CC6-F281-4A83-8BC4-323D4148C7C0}.Retail DLL|Itanium.ActiveCfg = Retail DLL|Win32
		{5A441CC6-F281-4A83-8BC4-323D4148C7C0}.Retail DLL|x64.ActiveCfg = Retail DLL|x64
		{5A441CC6-F281-4A83-8BC4-323D4148C7C0}.Retail DLL|x64.Build.0 = Retail DLL|x64
		{5A441CC6-F281-4A83-8BC4-323D4148C7C0}.Retail DLL|x86.ActiveCfg = Retail DLL|Win32
		{5A441CC6-F281-4A83-8BC4-323D4148C7C0}.Retail DLL|x86.Build.0 = Retail DLL|Win32
		{5A441CC6-F281-4A83-8BC4-323D4148C7C0}.Retail Unicode DLL|Itanium.ActiveCfg = Retail Unicode DLL|Win32
		{5A441CC6-F281-4A83-8BC4-323D4148C7C0}.Retail Unicode DLL|x64.ActiveCfg = Retail Unicode DLL|x64
		{5A441CC6-F281-4A83-8BC4-323D4148C7C0}.Retail Unicode DLL|x64.Build.0 = Retail Unicode DLL|x64
		{5A441CC6-F281-4A83-8BC4-323D4148C7C0}.Retail Unicode DLL|x86.ActiveCfg = Retail Unicode DLL|Win32
		{5A441CC6-F281-4A83-8BC4-323D4148C7C0}.Retail Unicode DLL|x86.Build.0 = Retail Unicode DLL|Win32
		{5A441CC6-F281-4A83-8BC4-323D4148C7C0}.Retail Unicode|Itanium.ActiveCfg = Retail Unicode|Win32
		{5A441CC6-F281-4A83-8BC4-323D4148C7C0}.Retail Unicode|x64.ActiveCfg = Retail Unicode|x64
		{5A441CC6-F281-4A83-8BC4-323D4148C7C0}.Retail Unicode|x64.Build.0 = Retail Unicode|x64
		{5A441CC6-F281-4A83-8BC4-323D4148C7C0}.Retail Unicode|x86.ActiveCfg = Retail Unicode|Win32
		{5A441CC6-F281-4A83-8BC4-323D4148C7C0}.Retail Unicode|x86.Build.0 = Retail Unicode|Win32
		{5A441CC6-F281-4A83-8BC4-323D4148C7C0}.Retail|Itanium.ActiveCfg = Retail|Win32
		{5A441CC6-F281-4A83-8BC4-323D4148C7C0}.Retail|x64.ActiveCfg = Retail|x64
		{5A441CC6-F281-4A83-8BC4-323D4148C7C0}.Retail|x64.Build.0 = Retail|x64
		{5A441CC6-F281-4A83-8BC4-323D4148C7C0}.Retail|x86.ActiveCfg = Retail|Win32
		{5A441CC6-F281-4A83-8BC4-323D4148C7C0}.Retail|x86.Build.0 = Retail|Win32
		{52B8C562-8D3E-49BA-8869-7826514787A1}.Debug DLL|Itanium.ActiveCfg = Release|x64
		{52B8C562-8D3E-49BA-8869-7826514787A1}.Debug DLL|Itanium.Build.0 = Release|x64
		{52B8C562-8D3E-49BA-8869-7826514787A1}.Debug DLL|x64.ActiveCfg = Debug|x64
		{52B8C562-8D3E-49BA-8869-7826514787A1}.Debug DLL|x64.Build.0 = Debug|x64
		{52B8C562-8D3E-49BA-8869-7826514787A1}.Debug DLL|x86.ActiveCfg = Debug|Win32
		{52B8C562-8D3E-49BA-8869-7826514787A1}.Debug DLL|x86.Build.0 = Debug|Win32
		{52B8C562-8D3E-49BA-8869-7826514787A1}.Debug Unicode DLL|Itanium.ActiveCfg = Release|x64
		{52B8C562-8D3E-49BA-8869-7826514787A1}.Debug Unicode DLL|Itanium.Build.0 = Release|x64
		{52B8C562-8D3E-49BA-8869-7826514787A1}.Debug Unicode DLL|x64.ActiveCfg = Debug|x64
		{52B8C562-8D3E-49BA-8869-7826514787A1}.Debug Unicode DLL|x64.Build.0 = Debug|x64
		{52B8C562-8D3E-49BA-8869-7826514787A1}.Debug Unicode DLL|x86.ActiveCfg = Debug|Win32
		{52B8C562-8D3E-49BA-8869-7826514787A1}.Debug Unicode DLL|x86.Build.0 = Debug|Win32
		{52B8C562-8D3E-49BA-8869-7826514787A1}.Debug Unicode|Itanium.ActiveCfg = Release|x64
		{52B8C562-8D3E-49BA-8869-7826514787A1}.Debug Unicode|Itanium.Build.0 = Release|x64
		{52B8C562-8D3E-49BA-8869-7826514787A1}.Debug Unicode|x64.ActiveCfg = Debug|x64
		{52B8C562-8D3E-49BA-8869-7826514787A1}.Debug Unicode|x64.Build.0 = Debug|x64
		{52B8C562-8D3E-49BA-8869-7826514787A1}.Debug Unicode|x86.ActiveCfg = Debug|Win32
		{52B8C562-8D3E-49BA-8869-7826514787A1}.Debug Unicode|x86.Build.0 = Debug|Win32
		{52B8C562-8D3E-49BA-8869-7826514787A1}.Debug|Itanium.ActiveCfg = Debug|Win32
		{52B8C562-8D3E-49BA-8869-7826514787A1}.Debug|x64.ActiveCfg = Debug|x64
		{52B8C562-8D3E-49BA-8869-7826514787A1}.Debug|x64.Build.0 = Debug|x64
		{52B8C562-8D3E-49BA-8869-7826514787A1}.Debug|x86.ActiveCfg = Debug|Win32
		{52B8C562-8D3E-49BA-8869-7826514787A1}.Debug|x86.Build.0 = Debug|Win32
		{52B8C562-8D3E-49BA-8869-7826514787A1}.Release DLL|Itanium.ActiveCfg = Release|x64
		{52B8C562-8D3E-49BA-8869-7826514787A1}.Release DLL|Itanium.Build.0 = Release|x64
		{52B8C562-8D3E-49BA-8869-7826514787A1}.Release DLL|x64.ActiveCfg = Release|x64
		{52B8C562-8D3E-49BA-8869-7826514787A1}.Release DLL|x64.Build.0 = Release|x64
		{52B8C562-8D3E-49BA-8869-7826514787A1}.Release DLL|x86.ActiveCfg = Release|Win32
		{52B8C562-8D3E-49BA-8869-7826514787A1}.Release DLL|x86.Build.0 = Release|Win32
		{52B8C562-8D3E-49BA-8869-7826514787A1}.Release Unicode DLL|Itanium.ActiveCfg = Release|x64
		{52B8C562-8D3E-49BA-8869-7826514787A1}.Release Unicode DLL|Itanium.Build.0 = Release|x64
		{52B8C562-8D3E-49BA-8869-7826514787A1}.Release Unicode DLL|x64.ActiveCfg = Release|x64
		{52B8C562-8D3E-49BA-8869-7826514787A1}.Release Unicode DLL|x64.Build.0 = Release|x64
		{52B8C562-8D3E-49BA-8869-7826514787A1}.Release Unicode DLL|x86.ActiveCfg = Release|Win32
		{52B8C562-8D3E-49BA-8869-7826514787A1}.Release Unicode DLL|x86.Build.0 = Release|Win32
		{52B8C562-8D3E-49BA-8869-7826514787A1}.Release Unicode|Itanium.ActiveCfg = Release|x64
		{52B8C562-8D3E-49BA-8869-7826514787A1}.Release Unicode|Itanium.Build.0 = Release|x64
		{52B8C562-8D3E-49BA-8869-7826514787A1}.Release Unicode|x64.ActiveCfg = Release|x64
		{52B8C562-8D3E-49BA-8869-7826514787A1}.Release Unicode|x64.Build.0 = Release|x64
		{52B8C562-8D3E-49BA-8869-7826514787A1}.Release Unicode|x86.ActiveCfg = Release|Win32
		{52B8C562-8D3E-49BA-8869-7826514787A1}.Release Unicode|x86.Build.0 = Release|Win32
		{52B8C562-8D3E-49BA-8869-7826514787A1}.Release|Itanium.ActiveCfg = Release|Win32
		{52B8C562-8D3E-49BA-8869-7826514787A1}.Release|x64.ActiveCfg = Release|x64
		{52B8C562-8D3E-49BA-8869-7826514787A1}.Release|x64.Build.0 = Release|x64
		{52B8C562-8D3E-49BA-8869-7826514787A1}.Release|x86.ActiveCfg = Release|Win32
		{52B8C562-8D3E-49BA-8869-7826514787A1}.Release|x86.Build.0 = Release|Win32
		{52B8C562-8D3E-49BA-8869-7826514787A1}.Retail DLL|Itanium.ActiveCfg = Release|x64
		{52B8C562-8D3E-49BA-8869-7826514787A1}.Retail DLL|Itanium.Build.0 = Release|x64
		{52B8C562-8D3E-49BA-8869-7826514787A1}.Retail DLL|x64.ActiveCfg = Release|x64
		{52B8C562-8D3E-49BA-8869-7826514787A1}.Retail DLL|x64.Build.0 = Release|x64
		{52B8C562-8D3E-49BA-8869-7826514787A1}.Retail DLL|x86.ActiveCfg = Release|Win32
		{52B8C562-8D3E-49BA-8869-7826514787A1}.Retail DLL|x86.Build.0 = Release|Win32
		{52B8C562-8D3E-49BA-8869-7826514787A1}.Retail Unicode DLL|Itanium.ActiveCfg = Release|x64
		{52B8C562-8D3E-49BA-8869-7826514787A1}.Retail Unicode DLL|Itanium.Build.0 = Release|x64
		{52B8C562-8D3E-49BA-8869-7826514787A1}.Retail Unicode DLL|x64.ActiveCfg = Release|x64
		{52B8C562-8D3E-49BA-8869-7826514787A1}.Retail Unicode DLL|x64.Build.0 = Release|x64
		{52B8C562-8D3E-49BA-8869-7826514787A1}.Retail Unicode DLL|x86.ActiveCfg = Release|Win32
		{52B8C562-8D3E-49BA-8869-7826514787A1}.Retail Unicode DLL|x86.Build.0 = Release|Win32
		{52B8C562-8D3E-49BA-8869-7826514787A1}.Retail Unicode|Itanium.ActiveCfg = Release|x64
		{52B8C562-8D3E-49BA-8869-7826514787A1}.Retail Unicode|Itanium.Build.0 = Release|x64
		{52B8C562-8D3E-49BA-8869-7826514787A1}.Retail Unicode|x64.ActiveCfg = Release|x64
		{52B8C562-8D3E-49BA-8869-7826514787A1}.Retail Unicode|x64.Build.0 = Release|x64
		{52B8C562-8D3E-49BA-8869-7826514787A1}.Retail Unicode|x86.ActiveCfg = Release|Win32
		{52B8C562-8D3E-49BA-8869-7826514787A1}.Retail Unicode|x86.Build.0 = Release|Win32
		{52B8C562-8D3E-49BA-8869-7826514787A1}.Retail|Itanium.ActiveCfg = Release|x64
		{52B8C562-8D3E-49BA-8869-7826514787A1}.Retail|Itanium.Build.0 = Release|x64
		{52B8C562-8D3E-49BA-8869-7826514787A1}.Retail|x64.ActiveCfg = Release|x64
		{52B8C562-8D3E-49BA-8869-7826514787A1}.Retail|x64.Build.0 = Release|x64
		{52B8C562-8D3E-49BA-8869-7826514787A1}.Retail|x86.ActiveCfg = Release|Win32
		{52B8C562-8D3E-49BA-8869-7826514787A1}.Retail|x86.Build.0 = Release|Win32
		{68434ECD-0F83-4C53-B3DE-729D04D4D24B}.Debug DLL|Itanium.ActiveCfg = Release|x64
		{68434ECD-0F83-4C53-B3DE-729D04D4D24B}.Debug DLL|Itanium.Build.0 = Release|x64
		{68434ECD-0F83-4C53-B3DE-729D04D4D24B}.Debug DLL|x64.ActiveCfg = Debug|x64
		{68434ECD-0F83-4C53-B3DE-729D04D4D24B}.Debug DLL|x64.Build.0 = Debug|x64
		{68434ECD-0F83-4C53-B3DE-729D04D4D24B}.Debug DLL|x86.ActiveCfg = Debug|Win32
		{68434ECD-0F83-4C53-B3DE-729D04D4D24B}.Debug DLL|x86.Build.0 = Debug|Win32
		{68434ECD-0F83-4C53-B3DE-729D04D4D24B}.Debug Unicode DLL|Itanium.ActiveCfg = Release|x64
		{68434ECD-0F83-4C53-B3DE-729D04D4D24B}.Debug Unicode DLL|Itanium.Build.0 = Release|x64
		{68434ECD-0F83-4C53-B3DE-729D04D4D24B}.Debug Unicode DLL|x64.ActiveCfg = Debug|x64
		{68434ECD-0F83-4C53-B3DE-729D04D4D24B}.Debug Unicode DLL|x64.Build.0 = Debug|x64
		{68434ECD-0F83-4C53-B3DE-729D04D4D24B}.Debug Unicode DLL|x86.ActiveCfg = Debug|Win32
		{68434ECD-0F83-4C53-B3DE-729D04D4D24B}.Debug Unicode DLL|x86.Build.0 = Debug|Win32
		{68434ECD-0F83-4C53-B3DE-729D04D4D24B}.Debug Unicode|Itanium.ActiveCfg = Release|x64
		{68434ECD-0F83-4C53-B3DE-729D04D4D24B}.Debug Unicode|Itanium.Build.0 = Release|x64
		{68434ECD-0F83-4C53-B3DE-729D04D4D24B}.Debug Unicode|x64.ActiveCfg = Debug|x64
		{68434ECD-0F83-4C53-B3DE-729D04D4D24B}.Debug Unicode|x64.Build.0 = Debug|x64
		{68434ECD-0F83-4C53-B3DE-729D04D4D24B}.Debug Unicode|x86.ActiveCfg = Debug|Win32
		{68434ECD-0F83-4C53-B3DE-729D04D4D24B}.Debug Unicode|x86.Build.0 = Debug|Win32
		{68434ECD-0F83-4C53-B3DE-729D04D4D24B}.Debug|Itanium.ActiveCfg = Debug|Win32
		{68434ECD-0F83-4C53-B3DE-729D04D4D24B}.Debug|x64.ActiveCfg = Debug|x64
		{68434ECD-0F83-4C53-B3DE-729D04D4D24B}.Debug|x64.Build.0 = Debug|x64
		{68434ECD-0F83-4C53-B3DE-729D04D4D24B}.Debug|x86.ActiveCfg = Debug|Win32
		{68434ECD-0F83-4C53-B3DE-729D04D4D24B}.Debug|x86.Build.0 = Debug|Win32
		{68434ECD-0F83-4C53-B3DE-729D04D4D24B}.Release DLL|Itanium.ActiveCfg = Release|x64
		{68434ECD-0F83-4C53-B3DE-729D04D4D24B}.Release DLL|Itanium.Build.0 = Release|x64
		{68434ECD-0F83-4C53-B3DE-729D04D4D24B}.Release DLL|x64.ActiveCfg = Release|x64
		{68434ECD-0F83-4C53-B3DE-729D04D4D24B}.Release DLL|x64.Build.0 = Release|x64
		{68434ECD-0F83-4C53-B3DE-729D04D4D24B}.Release DLL|x86.ActiveCfg = Release|Win32
		{68434ECD-0F83-4C53-B3DE-729D04D4D24B}.Release DLL|x86.Build.0 = Release|Win32
		{68434ECD-0F83-4C53-B3DE-729D04D4D24B}.Release Unicode DLL|Itanium.ActiveCfg = Release|x64
		{68434ECD-0F83-4C53-B3DE-729D04D4D24B}.Release Unicode DLL|Itanium.Build.0 = Release|x64
		{68434ECD-0F83-4C53-B3DE-729D04D4D24B}.Release Unicode DLL|x64.ActiveCfg = Release|x64
		{68434ECD-0F83-4C53-B3DE-729D04D4D24B}.Release Unicode DLL|x64.Build.0 = Release|x64
		{68434ECD-0F83-4C53-B3DE-729D04D4D24B}.Release Unicode DLL|x86.ActiveCfg = Release|Win32
		{68434ECD-0F83-4C53-B3DE-729D04D4D24B}.Release Unicode DLL|x86.Build.0 = Release|Win32
		{68434ECD-0F83-4C53-B3DE-729D04D4D24B}.Release Unicode|Itanium.ActiveCfg = Release|x64
		{68434ECD-0F83-4C53-B3DE-729D04D4D24B}.Release Unicode|Itanium.Build.0 = Release|x64
		{68434ECD-0F83-4C53-B3DE-729D04D4D24B}.Release Unicode|x64.ActiveCfg = Release|x64
		{68434ECD-0F83-4C53-B3DE-729D04D4D24B}.Release Unicode|x64.Build.0 = Release|x64
		{68434ECD-0F83-4C53-B3DE-729D04D4D24B}.Release Unicode|x86.ActiveCfg = Release|Win32
		{68434ECD-0F83-4C53-B3DE-729D04D4D24B}.Release Unicode|x86.Build.0 = Release|Win32
		{68434ECD-0F83-4C53-B3DE-729D04D4D24B}.Release|Itanium.ActiveCfg = Release|Win32
		{68434ECD-0F83-4C53-B3DE-729D04D4D24B}.Release|x64.ActiveCfg = Release|x64
		{68434ECD-0F83-4C53-B3DE-729D04D4D24B}.Release|x64.Build.0 = Release|x64
		{68434ECD-0F83-4C53-B3DE-729D04D4D24B}.Release|x86.ActiveCfg = Release|Win32
		{68434ECD-0F83-4C53-B3DE-729D04D4D24B}.Release|x86.Build.0 = Release|Win32
		{68434ECD-0F83-4C53-B3DE-729D04D4D24B}.Retail DLL|Itanium.ActiveCfg = Release|x64
		{68434ECD-0F83-4C53-B3DE-729D04D4D24B}.Retail DLL|Itanium.Build.0 = Release|x64
		{68434ECD-0F83-4C53-B3DE-729D04D4D24B}.Retail DLL|x64.ActiveCfg = Release|x64
		{68434ECD-0F83-4C53-B3DE-729D04D4D24B}.Retail DLL|x64.Build.0 = Release|x64
		{68434ECD-0F83-4C53-B3DE-729D04D4D24B}.Retail DLL|x86.ActiveCfg = Release|Win32
		{68434ECD-0F83-4C53-B3DE-729D04D4D24B}.Retail DLL|x86.Build.0 = Release|Win32
		{68434ECD-0F83-4C53-B3DE-729D04D4D24B}.Retail Unicode DLL|Itanium.ActiveCfg = Release|x64
		{68434ECD-0F83-4C53-B3DE-729D04D4D24B}.Retail Unicode DLL|Itanium.Build.0 = Release|x64
		{68434ECD-0F83-4C53-B3DE-729D04D4D24B}.Retail Unicode DLL|x64.ActiveCfg = Release|x64
		{68434ECD-0F83-4C53-B3DE-729D04D4D24B}.Retail Unicode DLL|x64.Build.0 = Release|x64
		{68434ECD-0F83-4C53-B3DE-729D04D4D24B}.Retail Unicode DLL|x86.ActiveCfg = Release|Win32
		{68434ECD-0F83-4C53-B3DE-729D04D4D24B}.Retail Unicode DLL|x86.Build.0 = Release|Win32
		{68434ECD-0F83-4C53-B3DE-729D04D4D24B}.Retail Unicode|Itanium.ActiveCfg = Release|x64
		{68434ECD-0F83-4C53-B3DE-729D04D4D24B}.Retail Unicode|Itanium.Build.0 = Release|x64
		{68434ECD-0F83-4C53-B3DE-729D04D4D24B}.Retail Unicode|x64.ActiveCfg = Release|x64
		{68434ECD-0F83-4C53-B3DE-729D04D4D24B}.Retail Unicode|x64.Build.0 = Release|x64
		{68434ECD-0F83-4C53-B3DE-729D04D4D24B}.Retail Unicode|x86.ActiveCfg = Release|Win32
		{68434ECD-0F83-4C53-B3DE-729D04D4D24B}.Retail Unicode|x86.Build.0 = Release|Win32
		{68434ECD-0F83-4C53-B3DE-729D04D4D24B}.Retail|Itanium.ActiveCfg = Release|x64
		{68434ECD-0F83-4C53-B3DE-729D04D4D24B}.Retail|Itanium.Build.0 = Release|x64
		{68434ECD-0F83-4C53-B3DE-729D04D4D24B}.Retail|x64.ActiveCfg = Release|x64
		{68434ECD-0F83-4C53-B3DE-729D04D4D24B}.Retail|x64.Build.0 = Release|x64
		{68434ECD-0F83-4C53-B3DE-729D04D4D24B}.Retail|x86.ActiveCfg = Release|Win32
		{68434ECD-0F83-4C53-B3DE-729D04D4D24B}.Retail|x86.Build.0 = Release|Win32
		{D7F466F4-2AEA-4648-BE09-024C887BC157}.Debug DLL|Itanium.ActiveCfg = Debug DLL|Win32
		{D7F466F4-2AEA-4648-BE09-024C887BC157}.Debug DLL|x64.ActiveCfg = Debug DLL|x64
		{D7F466F4-2AEA-4648-BE09-024C887BC157}.Debug DLL|x64.Build.0 = Debug DLL|x64
		{D7F466F4-2AEA-4648-BE09-024C887BC157}.Debug DLL|x86.ActiveCfg = Debug DLL|Win32
		{D7F466F4-2AEA-4648-BE09-024C887BC157}.Debug DLL|x86.Build.0 = Debug DLL|Win32
		{D7F466F4-2AEA-4648-BE09-024C887BC157}.Debug Unicode DLL|Itanium.ActiveCfg = Retail DLL|x64
		{D7F466F4-2AEA-4648-BE09-024C887BC157}.Debug Unicode DLL|Itanium.Build.0 = Retail DLL|x64
		{D7F466F4-2AEA-4648-BE09-024C887BC157}.Debug Unicode DLL|x64.ActiveCfg = Debug DLL|x64
		{D7F466F4-2AEA-4648-BE09-024C887BC157}.Debug Unicode DLL|x64.Build.0 = Debug DLL|x64
		{D7F466F4-2AEA-4648-BE09-024C887BC157}.Debug Unicode DLL|x86.ActiveCfg = Debug DLL|Win32
		{D7F466F4-2AEA-4648-BE09-024C887BC157}.Debug Unicode DLL|x86.Build.0 = Debug DLL|Win32
		{D7F466F4-2AEA-4648-BE09-024C887BC157}.Debug Unicode|Itanium.ActiveCfg = Retail DLL|x64
		{D7F466F4-2AEA-4648-BE09-024C887BC157}.Debug Unicode|Itanium.Build.0 = Retail DLL|x64
		{D7F466F4-2AEA-4648-BE09-024C887BC157}.Debug Unicode|x64.ActiveCfg = Debug DLL|x64
		{D7F466F4-2AEA-4648-BE09-024C887BC157}.Debug Unicode|x64.Build.0 = Debug DLL|x64
		{D7F466F4-2AEA-4648-BE09-024C887BC157}.Debug Unicode|x86.ActiveCfg = Debug DLL|Win32
		{D7F466F4-2AEA-4648-BE09-024C887BC157}.Debug Unicode|x86.Build.0 = Debug DLL|Win32
		{D7F466F4-2AEA-4648-BE09-024C887BC157}.Debug|Itanium.ActiveCfg = Debug|Win32
		{D7F466F4-2AEA-4648-BE09-024C887BC157}.Debug|x64.ActiveCfg = Debug|x64
		{D7F466F4-2AEA-4648-BE09-024C887BC157}.Debug|x64.Build.0 = Debug|x64
		{D7F466F4-2AEA-4648-BE09-024C887BC157}.Debug|x86.ActiveCfg = Debug|Win32
		{D7F466F4-2AEA-4648-BE09-024C887BC157}.Debug|x86.Build.0 = Debug|Win32
		{D7F466F4-2AEA-4648-BE09-024C887BC157}.Release DLL|Itanium.ActiveCfg = Release DLL|Win32
		{D7F466F4-2AEA-4648-BE09-024C887BC157}.Release DLL|x64.ActiveCfg = Release DLL|x64
		{D7F466F4-2AEA-4648-BE09-024C887BC157}.Release DLL|x64.Build.0 = Release DLL|x64
		{D7F466F4-2AEA-4648-BE09-024C887BC157}.Release DLL|x86.ActiveCfg = Release DLL|Win32
		{D7F466F4-2AEA-4648-BE09-024C887BC157}.Release DLL|x86.Build.0 = Release DLL|Win32
		{D7F466F4-2AEA-4648-BE09-024C887BC157}.Release Unicode DLL|Itanium.ActiveCfg = Retail DLL|x64
		{D7F466F4-2AEA-4648-BE09-024C887BC157}.Release Unicode DLL|Itanium.Build.0 = Retail DLL|x64
		{D7F466F4-2AEA-4648-BE09-024C887BC157}.Release Unicode DLL|x64.ActiveCfg = Release DLL|x64
		{D7F466F4-2AEA-4648-BE09-024C887BC157}.Release Unicode DLL|x64.Build.0 = Release DLL|x64
		{D7F466F4-2AEA-4648-BE09-024C887BC157}.Release Unicode DLL|x86.ActiveCfg = Release DLL|Win32
		{D7F466F4-2AEA-4648-BE09-024C887BC157}.Release Unicode DLL|x86.Build.0 = Release DLL|Win32
		{D7F466F4-2AEA-4648-BE09-024C887BC157}.Release Unicode|Itanium.ActiveCfg = Retail DLL|x64
		{D7F466F4-2AEA-4648-BE09-024C887BC157}.Release Unicode|Itanium.Build.0 = Retail DLL|x64
		{D7F466F4-2AEA-4648-BE09-024C887BC157}.Release Unicode|x64.ActiveCfg = Release DLL|x64
		{D7F466F4-2AEA-4648-BE09-024C887BC157}.Release Unicode|x64.Build.0 = Release DLL|x64
		{D7F466F4-2AEA-4648-BE09-024C887BC157}.Release Unicode|x86.ActiveCfg = Release DLL|Win32
		{D7F466F4-2AEA-4648-BE09-024C887BC157}.Release Unicode|x86.Build.0 = Release DLL|Win32
		{D7F466F4-2AEA-4648-BE09-024C887BC157}.Release|Itanium.ActiveCfg = Release|Win32
		{D7F466F4-2AEA-4648-BE09-024C887BC157}.Release|x64.ActiveCfg = Release|x64
		{D7F466F4-2AEA-4648-BE09-024C887BC157}.Release|x64.Build.0 = Release|x64
		{D7F466F4-2AEA-4648-BE09-024C887BC157}.Release|x86.ActiveCfg = Release|Win32
		{D7F466F4-2AEA-4648-BE09-024C887BC157}.Release|x86.Build.0 = Release|Win32
		{D7F466F4-2AEA-4648-BE09-024C887BC157}.Retail DLL|Itanium.ActiveCfg = Retail DLL|Win32
		{D7F466F4-2AEA-4648-BE09-024C887BC157}.Retail DLL|x64.ActiveCfg = Retail DLL|x64
		{D7F466F4-2AEA-4648-BE09-024C887BC157}.Retail DLL|x64.Build.0 = Retail DLL|x64
		{D7F466F4-2AEA-4648-BE09-024C887BC157}.Retail DLL|x86.ActiveCfg = Retail DLL|Win32
		{D7F466F4-2AEA-4648-BE09-024C887BC157}.Retail DLL|x86.Build.0 = Retail DLL|Win32
		{D7F466F4-2AEA-4648-BE09-024C887BC157}.Retail Unicode DLL|Itanium.ActiveCfg = Retail DLL|x64
		{D7F466F4-2AEA-4648-BE09-024C887BC157}.Retail Unicode DLL|Itanium.Build.0 = Retail DLL|x64
		{D7F466F4-2AEA-4648-BE09-024C887BC157}.Retail Unicode DLL|x64.ActiveCfg = Retail DLL|x64
		{D7F466F4-2AEA-4648-BE09-024C887BC157}.Retail Unicode DLL|x64.Build.0 = Retail DLL|x64
		{D7F466F4-2AEA-4648-BE09-024C887BC157}.Retail Unicode DLL|x86.ActiveCfg = Retail DLL|Win32
		{D7F466F4-2AEA-4648-BE09-024C887BC157}.Retail Unicode DLL|x86.Build.0 = Retail DLL|Win32
		{D7F466F4-2AEA-4648-BE09-024C887BC157}.Retail Unicode|Itanium.ActiveCfg = Retail DLL|x64
		{D7F466F4-2AEA-4648-BE09-024C887BC157}.Retail Unicode|Itanium.Build.0 = Retail DLL|x64
		{D7F466F4-2AEA-4648-BE09-024C887BC157}.Retail Unicode|x64.ActiveCfg = Retail DLL|x64
		{D7F466F4-2AEA-4648-BE09-024C887BC157}.Retail Unicode|x64.Build.0 = Retail DLL|x64
		{D7F466F4-2AEA-4648-BE09-024C887BC157}.Retail Unicode|x86.ActiveCfg = Retail DLL|Win32
		{D7F466F4-2AEA-4648-BE09-024C887BC157}.Retail Unicode|x86.Build.0 = Retail DLL|Win32
		{D7F466F4-2AEA-4648-BE09-024C887BC157}.Retail|Itanium.ActiveCfg = Retail|Win32
		{D7F466F4-2AEA-4648-BE09-024C887BC157}.Retail|x64.ActiveCfg = Retail|x64
		{D7F466F4-2AEA-4648-BE09-024C887BC157}.Retail|x64.Build.0 = Retail|x64
		{D7F466F4-2AEA-4648-BE09-024C887BC157}.Retail|x86.ActiveCfg = Retail|Win32
		{D7F466F4-2AEA-4648-BE09-024C887BC157}.Retail|x86.Build.0 = Retail|Win32
		{7050674E-BEB6-42AE-8196-8A467E5AA16A}.Debug DLL|Itanium.ActiveCfg = Release|x64
		{7050674E-BEB6-42AE-8196-8A467E5AA16A}.Debug DLL|Itanium.Build.0 = Release|x64
		{7050674E-BEB6-42AE-8196-8A467E5AA16A}.Debug DLL|x64.ActiveCfg = Debug|x64
		{7050674E-BEB6-42AE-8196-8A467E5AA16A}.Debug DLL|x64.Build.0 = Debug|x64
		{7050674E-BEB6-42AE-8196-8A467E5AA16A}.Debug DLL|x86.ActiveCfg = Debug|Win32
		{7050674E-BEB6-42AE-8196-8A467E5AA16A}.Debug DLL|x86.Build.0 = Debug|Win32
		{7050674E-BEB6-42AE-8196-8A467E5AA16A}.Debug Unicode DLL|Itanium.ActiveCfg = Release|x64
		{7050674E-BEB6-42AE-8196-8A467E5AA16A}.Debug Unicode DLL|Itanium.Build.0 = Release|x64
		{7050674E-BEB6-42AE-8196-8A467E5AA16A}.Debug Unicode DLL|x64.ActiveCfg = Debug|x64
		{7050674E-BEB6-42AE-8196-8A467E5AA16A}.Debug Unicode DLL|x64.Build.0 = Debug|x64
		{7050674E-BEB6-42AE-8196-8A467E5AA16A}.Debug Unicode DLL|x86.ActiveCfg = Debug|Win32
		{7050674E-BEB6-42AE-8196-8A467E5AA16A}.Debug Unicode DLL|x86.Build.0 = Debug|Win32
		{7050674E-BEB6-42AE-8196-8A467E5AA16A}.Debug Unicode|Itanium.ActiveCfg = Release|x64
		{7050674E-BEB6-42AE-8196-8A467E5AA16A}.Debug Unicode|Itanium.Build.0 = Release|x64
		{7050674E-BEB6-42AE-8196-8A467E5AA16A}.Debug Unicode|x64.ActiveCfg = Debug|x64
		{7050674E-BEB6-42AE-8196-8A467E5AA16A}.Debug Unicode|x64.Build.0 = Debug|x64
		{7050674E-BEB6-42AE-8196-8A467E5AA16A}.Debug Unicode|x86.ActiveCfg = Debug|Win32
		{7050674E-BEB6-42AE-8196-8A467E5AA16A}.Debug Unicode|x86.Build.0 = Debug|Win32
		{7050674E-BEB6-42AE-8196-8A467E5AA16A}.Debug|Itanium.ActiveCfg = Debug|Win32
		{7050674E-BEB6-42AE-8196-8A467E5AA16A}.Debug|x64.ActiveCfg = Debug|x64
		{7050674E-BEB6-42AE-8196-8A467E5AA16A}.Debug|x64.Build.0 = Debug|x64
		{7050674E-BEB6-42AE-8196-8A467E5AA16A}.Debug|x86.ActiveCfg = Debug|Win32
		{7050674E-BEB6-42AE-8196-8A467E5AA16A}.Debug|x86.Build.0 = Debug|Win32
		{7050674E-BEB6-42AE-8196-8A467E5AA16A}.Release DLL|Itanium.ActiveCfg = Release|x64
		{7050674E-BEB6-42AE-8196-8A467E5AA16A}.Release DLL|Itanium.Build.0 = Release|x64
		{7050674E-BEB6-42AE-8196-8A467E5AA16A}.Release DLL|x64.ActiveCfg = Release|x64
		{7050674E-BEB6-42AE-8196-8A467E5AA16A}.Release DLL|x64.Build.0 = Release|x64
		{7050674E-BEB6-42AE-8196-8A467E5AA16A}.Release DLL|x86.ActiveCfg = Release|Win32
		{7050674E-BEB6-42AE-8196-8A467E5AA16A}.Release DLL|x86.Build.0 = Release|Win32
		{7050674E-BEB6-42AE-8196-8A467E5AA16A}.Release Unicode DLL|Itanium.ActiveCfg = Release|x64
		{7050674E-BEB6-42AE-8196-8A467E5AA16A}.Release Unicode DLL|Itanium.Build.0 = Release|x64
		{7050674E-BEB6-42AE-8196-8A467E5AA16A}.Release Unicode DLL|x64.ActiveCfg = Release|x64
		{7050674E-BEB6-42AE-8196-8A467E5AA16A}.Release Unicode DLL|x64.Build.0 = Release|x64
		{7050674E-BEB6-42AE-8196-8A467E5AA16A}.Release Unicode DLL|x86.ActiveCfg = Release|Win32
		{7050674E-BEB6-42AE-8196-8A467E5AA16A}.Release Unicode DLL|x86.Build.0 = Release|Win32
		{7050674E-BEB6-42AE-8196-8A467E5AA16A}.Release Unicode|Itanium.ActiveCfg = Release|x64
		{7050674E-BEB6-42AE-8196-8A467E5AA16A}.Release Unicode|Itanium.Build.0 = Release|x64
		{7050674E-BEB6-42AE-8196-8A467E5AA16A}.Release Unicode|x64.ActiveCfg = Release|x64
		{7050674E-BEB6-42AE-8196-8A467E5AA16A}.Release Unicode|x64.Build.0 = Release|x64
		{7050674E-BEB6-42AE-8196-8A467E5AA16A}.Release Unicode|x86.ActiveCfg = Release|Win32
		{7050674E-BEB6-42AE-8196-8A467E5AA16A}.Release Unicode|x86.Build.0 = Release|Win32
		{7050674E-BEB6-42AE-8196-8A467E5AA16A}.Release|Itanium.ActiveCfg = Release|Win32
		{7050674E-BEB6-42AE-8196-8A467E5AA16A}.Release|x64.ActiveCfg = Release|x64
		{7050674E-BEB6-42AE-8196-8A467E5AA16A}.Release|x64.Build.0 = Release|x64
		{7050674E-BEB6-42AE-8196-8A467E5AA16A}.Release|x86.ActiveCfg = Release|Win32
		{7050674E-BEB6-42AE-8196-8A467E5AA16A}.Release|x86.Build.0 = Release|Win32
		{7050674E-BEB6-42AE-8196-8A467E5AA16A}.Retail DLL|Itanium.ActiveCfg = Release|x64
		{7050674E-BEB6-42AE-8196-8A467E5AA16A}.Retail DLL|Itanium.Build.0 = Release|x64
		{7050674E-BEB6-42AE-8196-8A467E5AA16A}.Retail DLL|x64.ActiveCfg = Release|x64
		{7050674E-BEB6-42AE-8196-8A467E5AA16A}.Retail DLL|x64.Build.0 = Release|x64
		{7050674E-BEB6-42AE-8196-8A467E5AA16A}.Retail DLL|x86.ActiveCfg = Release|Win32
		{7050674E-BEB6-42AE-8196-8A467E5AA16A}.Retail DLL|x86.Build.0 = Release|Win32
		{7050674E-BEB6-42AE-8196-8A467E5AA16A}.Retail Unicode DLL|Itanium.ActiveCfg = Release|x64
		{7050674E-BEB6-42AE-8196-8A467E5AA16A}.Retail Unicode DLL|Itanium.Build.0 = Release|x64
		{7050674E-BEB6-42AE-8196-8A467E5AA16A}.Retail Unicode DLL|x64.ActiveCfg = Release|x64
		{7050674E-BEB6-42AE-8196-8A467E5AA16A}.Retail Unicode DLL|x64.Build.0 = Release|x64
		{7050674E-BEB6-42AE-8196-8A467E5AA16A}.Retail Unicode DLL|x86.ActiveCfg = Release|Win32
		{7050674E-BEB6-42AE-8196-8A467E5AA16A}.Retail Unicode DLL|x86.Build.0 = Release|Win32
		{7050674E-BEB6-42AE-8196-8A467E5AA16A}.Retail Unicode|Itanium.ActiveCfg = Release|x64
		{7050674E-BEB6-42AE-8196-8A467E5AA16A}.Retail Unicode|Itanium.Build.0 = Release|x64
		{7050674E-BEB6-42AE-8196-8A467E5AA16A}.Retail Unicode|x64.ActiveCfg = Release|x64
		{7050674E-BEB6-42AE-8196-8A467E5AA16A}.Retail Unicode|x64.Build.0 = Release|x64
		{7050674E-BEB6-42AE-8196-8A467E5AA16A}.Retail Unicode|x86.ActiveCfg = Release|Win32
		{7050674E-BEB6-42AE-8196-8A467E5AA16A}.Retail Unicode|x86.Build.0 = Release|Win32
		{7050674E-BEB6-42AE-8196-8A467E5AA16A}.Retail|Itanium.ActiveCfg = Release|x64
		{7050674E-BEB6-42AE-8196-8A467E5AA16A}.Retail|Itanium.Build.0 = Release|x64
		{7050674E-BEB6-42AE-8196-8A467E5AA16A}.Retail|x64.ActiveCfg = Release|x64
		{7050674E-BEB6-42AE-8196-8A467E5AA16A}.Retail|x64.Build.0 = Release|x64
		{7050674E-BEB6-42AE-8196-8A467E5AA16A}.Retail|x86.ActiveCfg = Release|Win32
		{7050674E-BEB6-42AE-8196-8A467E5AA16A}.Retail|x86.Build.0 = Release|Win32
		{BD987CEF-0671-49B5-80CD-0B46874AA35F}.Debug DLL|Itanium.ActiveCfg = Release|x64
		{BD987CEF-0671-49B5-80CD-0B46874AA35F}.Debug DLL|Itanium.Build.0 = Release|x64
		{BD987CEF-0671-49B5-80CD-0B46874AA35F}.Debug DLL|x64.ActiveCfg = Debug|x64
		{BD987CEF-0671-49B5-80CD-0B46874AA35F}.Debug DLL|x64.Build.0 = Debug|x64
		{BD987CEF-0671-49B5-80CD-0B46874AA35F}.Debug DLL|x86.ActiveCfg = Debug|Win32
		{BD987CEF-0671-49B5-80CD-0B46874AA35F}.Debug DLL|x86.Build.0 = Debug|Win32
		{BD987CEF-0671-49B5-80CD-0B46874AA35F}.Debug Unicode DLL|Itanium.ActiveCfg = Release|x64
		{BD987CEF-0671-49B5-80CD-0B46874AA35F}.Debug Unicode DLL|Itanium.Build.0 = Release|x64
		{BD987CEF-0671-49B5-80CD-0B46874AA35F}.Debug Unicode DLL|x64.ActiveCfg = Debug|x64
		{BD987CEF-0671-49B5-80CD-0B46874AA35F}.Debug Unicode DLL|x64.Build.0 = Debug|x64
		{BD987CEF-0671-49B5-80CD-0B46874AA35F}.Debug Unicode DLL|x86.ActiveCfg = Debug|Win32
		{BD987CEF-0671-49B5-80CD-0B46874AA35F}.Debug Unicode DLL|x86.Build.0 = Debug|Win32
		{BD987CEF-0671-49B5-80CD-0B46874AA35F}.Debug Unicode|Itanium.ActiveCfg = Release|x64
		{BD987CEF-0671-49B5-80CD-0B46874AA35F}.Debug Unicode|Itanium.Build.0 = Release|x64
		{BD987CEF-0671-49B5-80CD-0B46874AA35F}.Debug Unicode|x64.ActiveCfg = Debug|x64
		{BD987CEF-0671-49B5-80CD-0B46874AA35F}.Debug Unicode|x64.Build.0 = Debug|x64
		{BD987CEF-0671-49B5-80CD-0B46874AA35F}.Debug Unicode|x86.ActiveCfg = Debug|Win32
		{BD987CEF-0671-49B5-80CD-0B46874AA35F}.Debug Unicode|x86.Build.0 = Debug|Win32
		{BD987CEF-0671-49B5-80CD-0B46874AA35F}.Debug|Itanium.ActiveCfg = Debug|Win32
		{BD987CEF-0671-49B5-80CD-0B46874AA35F}.Debug|x64.ActiveCfg = Debug|x64
		{BD987CEF-0671-49B5-80CD-0B46874AA35F}.Debug|x64.Build.0 = Debug|x64
		{BD987CEF-0671-49B5-80CD-0B46874AA35F}.Debug|x86.ActiveCfg = Debug|Win32
		{BD987CEF-0671-49B5-80CD-0B46874AA35F}.Debug|x86.Build.0 = Debug|Win32
		{BD987CEF-0671-49B5-80CD-0B46874AA35F}.Release DLL|Itanium.ActiveCfg = Release|x64
		{BD987CEF-0671-49B5-80CD-0B46874AA35F}.Release DLL|Itanium.Build.0 = Release|x64
		{BD987CEF-0671-49B5-80CD-0B46874AA35F}.Release DLL|x64.ActiveCfg = Release|x64
		{BD987CEF-0671-49B5-80CD-0B46874AA35F}.Release DLL|x64.Build.0 = Release|x64
		{BD987CEF-0671-49B5-80CD-0B46874AA35F}.Release DLL|x86.ActiveCfg = Release|Win32
		{BD987CEF-0671-49B5-80CD-0B46874AA35F}.Release DLL|x86.Build.0 = Release|Win32
		{BD987CEF-0671-49B5-80CD-0B46874AA35F}.Release Unicode DLL|Itanium.ActiveCfg = Release|x64
		{BD987CEF-0671-49B5-80CD-0B46874AA35F}.Release Unicode DLL|Itanium.Build.0 = Release|x64
		{BD987CEF-0671-49B5-80CD-0B46874AA35F}.Release Unicode DLL|x64.ActiveCfg = Release|x64
		{BD987CEF-0671-49B5-80CD-0B46874AA35F}.Release Unicode DLL|x64.Build.0 = Release|x64
		{BD987CEF-0671-49B5-80CD-0B46874AA35F}.Release Unicode DLL|x86.ActiveCfg = Release|Win32
		{BD987CEF-0671-49B5-80CD-0B46874AA35F}.Release Unicode DLL|x86.Build.0 = Release|Win32
		{BD987CEF-0671-49B5-80CD-0B46874AA35F}.Release Unicode|Itanium.ActiveCfg = Release|x64
		{BD987CEF-0671-49B5-80CD-0B46874AA35F}.Release Unicode|Itanium.Build.0 = Release|x64
		{BD987CEF-0671-49B5-80CD-0B46874AA35F}.Release Unicode|x64.ActiveCfg = Release|x64
		{BD987CEF-0671-49B5-80CD-0B46874AA35F}.Release Unicode|x64.Build.0 = Release|x64
		{BD987CEF-0671-49B5-80CD-0B46874AA35F}.Release Unicode|x86.ActiveCfg = Release|Win32
		{BD987CEF-0671-49B5-80CD-0B46874AA35F}.Release Unicode|x86.Build.0 = Release|Win32
		{BD987CEF-0671-49B5-80CD-0B46874AA35F}.Release|Itanium.ActiveCfg = Release|Win32
		{BD987CEF-0671-49B5-80CD-0B46874AA35F}.Release|x64.ActiveCfg = Release|x64
		{BD987CEF-0671-49B5-80CD-0B46874AA35F}.Release|x64.Build.0 = Release|x64
		{BD987CEF-0671-49B5-80CD-0B46874AA35F}.Release|x86.ActiveCfg = Release|Win32
		{BD987CEF-0671-49B5-80CD-0B46874AA35F}.Release|x86.Build.0 = Release|Win32
		{BD987CEF-0671-49B5-80CD-0B46874AA35F}.Retail DLL|Itanium.ActiveCfg = Release|x64
		{BD987CEF-0671-49B5-80CD-0B46874AA35F}.Retail DLL|Itanium.Build.0 = Release|x64
		{BD987CEF-0671-49B5-80CD-0B46874AA35F}.Retail DLL|x64.ActiveCfg = Release|x64
		{BD987CEF-0671-49B5-80CD-0B46874AA35F}.Retail DLL|x64.Build.0 = Release|x64
		{BD987CEF-0671-49B5-80CD-0B46874AA35F}.Retail DLL|x86.ActiveCfg = Release|Win32
		{BD987CEF-0671-49B5-80CD-0B46874AA35F}.Retail DLL|x86.Build.0 = Release|Win32
		{BD987CEF-0671-49B5-80CD-0B46874AA35F}.Retail Unicode DLL|Itanium.ActiveCfg = Release|x64
		{BD987CEF-0671-49B5-80CD-0B46874AA35F}.Retail Unicode DLL|Itanium.Build.0 = Release|x64
		{BD987CEF-0671-49B5-80CD-0B46874AA35F}.Retail Unicode DLL|x64.ActiveCfg = Release|x64
		{BD987CEF-0671-49B5-80CD-0B46874AA35F}.Retail Unicode DLL|x64.Build.0 = Release|x64
		{BD987CEF-0671-49B5-80CD-0B46874AA35F}.Retail Unicode DLL|x86.ActiveCfg = Release|Win32
		{BD987CEF-0671-49B5-80CD-0B46874AA35F}.Retail Unicode DLL|x86.Build.0 = Release|Win32
		{BD987CEF-0671-49B5-80CD-0B46874AA35F}.Retail Unicode|Itanium.ActiveCfg = Release|x64
		{BD987CEF-0671-49B5-80CD-0B46874AA35F}.Retail Unicode|Itanium.Build.0 = Release|x64
		{BD987CEF-0671-49B5-80CD-0B46874AA35F}.Retail Unicode|x64.ActiveCfg = Release|x64
		{BD987CEF-0671-49B5-80CD-0B46874AA35F}.Retail Unicode|x64.Build.0 = Release|x64
		{BD987CEF-0671-49B5-80CD-0B46874AA35F}.Retail Unicode|x86.ActiveCfg = Release|Win32
		{BD987CEF-0671-49B5-80CD-0B46874AA35F}.Retail Unicode|x86.Build.0 = Release|Win32
		{BD987CEF-0671-49B5-80CD-0B46874AA35F}.Retail|Itanium.ActiveCfg = Release|x64
		{BD987CEF-0671-49B5-80CD-0B46874AA35F}.Retail|Itanium.Build.0 = Release|x64
		{BD987CEF-0671-49B5-80CD-0B46874AA35F}.Retail|x64.ActiveCfg = Release|x64
		{BD987CEF-0671-49B5-80CD-0B46874AA35F}.Retail|x64.Build.0 = Release|x64
		{BD987CEF-0671-49B5-80CD-0B46874AA35F}.Retail|x86.ActiveCfg = Release|Win32
		{BD987CEF-0671-49B5-80CD-0B46874AA35F}.Retail|x86.Build.0 = Release|Win32
		{67939E03-89C8-4073-881F-775B7047A8FB}.Debug DLL|Itanium.ActiveCfg = Release|x64
		{67939E03-89C8-4073-881F-775B7047A8FB}.Debug DLL|Itanium.Build.0 = Release|x64
		{67939E03-89C8-4073-881F-775B7047A8FB}.Debug DLL|x64.ActiveCfg = Debug|x64
		{67939E03-89C8-4073-881F-775B7047A8FB}.Debug DLL|x64.Build.0 = Debug|x64
		{67939E03-89C8-4073-881F-775B7047A8FB}.Debug DLL|x86.ActiveCfg = Debug|Win32
		{67939E03-89C8-4073-881F-775B7047A8FB}.Debug DLL|x86.Build.0 = Debug|Win32
		{67939E03-89C8-4073-881F-775B7047A8FB}.Debug Unicode DLL|Itanium.ActiveCfg = Release|x64
		{67939E03-89C8-4073-881F-775B7047A8FB}.Debug Unicode DLL|Itanium.Build.0 = Release|x64
		{67939E03-89C8-4073-881F-775B7047A8FB}.Debug Unicode DLL|x64.ActiveCfg = Debug|x64
		{67939E03-89C8-4073-881F-775B7047A8FB}.Debug Unicode DLL|x64.Build.0 = Debug|x64
		{67939E03-89C8-4073-881F-775B7047A8FB}.Debug Unicode DLL|x86.ActiveCfg = Debug|Win32
		{67939E03-89C8-4073-881F-775B7047A8FB}.Debug Unicode DLL|x86.Build.0 = Debug|Win32
		{67939E03-89C8-4073-881F-775B7047A8FB}.Debug Unicode|Itanium.ActiveCfg = Release|x64
		{67939E03-89C8-4073-881F-775B7047A8FB}.Debug Unicode|Itanium.Build.0 = Release|x64
		{67939E03-89C8-4073-881F-775B7047A8FB}.Debug Unicode|x64.ActiveCfg = Debug|x64
		{67939E03-89C8-4073-881F-775B7047A8FB}.Debug Unicode|x64.Build.0 = Debug|x64
		{67939E03-89C8-4073-881F-775B7047A8FB}.Debug Unicode|x86.ActiveCfg = Debug|Win32
		{67939E03-89C8-4073-881F-775B7047A8FB}.Debug Unicode|x86.Build.0 = Debug|Win32
		{67939E03-89C8-4073-881F-775B7047A8FB}.Debug|Itanium.ActiveCfg = Debug|Win32
		{67939E03-89C8-4073-881F-775B7047A8FB}.Debug|x64.ActiveCfg = Debug|x64
		{67939E03-89C8-4073-881F-775B7047A8FB}.Debug|x64.Build.0 = Debug|x64
		{67939E03-89C8-4073-881F-775B7047A8FB}.Debug|x86.ActiveCfg = Debug|Win32
		{67939E03-89C8-4073-881F-775B7047A8FB}.Debug|x86.Build.0 = Debug|Win32
		{67939E03-89C8-4073-881F-775B7047A8FB}.Release DLL|Itanium.ActiveCfg = Release|x64
		{67939E03-89C8-4073-881F-775B7047A8FB}.Release DLL|Itanium.Build.0 = Release|x64
		{67939E03-89C8-4073-881F-775B7047A8FB}.Release DLL|x64.ActiveCfg = Release|x64
		{67939E03-89C8-4073-881F-775B7047A8FB}.Release DLL|x64.Build.0 = Release|x64
		{67939E03-89C8-4073-881F-775B7047A8FB}.Release DLL|x86.ActiveCfg = Release|Win32
		{67939E03-89C8-4073-881F-775B7047A8FB}.Release DLL|x86.Build.0 = Release|Win32
		{67939E03-89C8-4073-881F-775B7047A8FB}.Release Unicode DLL|Itanium.ActiveCfg = Release|x64
		{67939E03-89C8-4073-881F-775B7047A8FB}.Release Unicode DLL|Itanium.Build.0 = Release|x64
		{67939E03-89C8-4073-881F-775B7047A8FB}.Release Unicode DLL|x64.ActiveCfg = Release|x64
		{67939E03-89C8-4073-881F-775B7047A8FB}.Release Unicode DLL|x64.Build.0 = Release|x64
		{67939E03-89C8-4073-881F-775B7047A8FB}.Release Unicode DLL|x86.ActiveCfg = Release|Win32
		{67939E03-89C8-4073-881F-775B7047A8FB}.Release Unicode DLL|x86.Build.0 = Release|Win32
		{67939E03-89C8-4073-881F-775B7047A8FB}.Release Unicode|Itanium.ActiveCfg = Release|x64
		{67939E03-89C8-4073-881F-775B7047A8FB}.Release Unicode|Itanium.Build.0 = Release|x64
		{67939E03-89C8-4073-881F-775B7047A8FB}.Release Unicode|x64.ActiveCfg = Release|x64
		{67939E03-89C8-4073-881F-775B7047A8FB}.Release Unicode|x64.Build.0 = Release|x64
		{67939E03-89C8-4073-881F-775B7047A8FB}.Release Unicode|x86.ActiveCfg = Release|Win32
		{67939E03-89C8-4073-881F-775B7047A8FB}.Release Unicode|x86.Build.0 = Release|Win32
		{67939E03-89C8-4073-881F-775B7047A8FB}.Release|Itanium.ActiveCfg = Release|Win32
		{67939E03-89C8-4073-881F-775B7047A8FB}.Release|x64.ActiveCfg = Release|x64
		{67939E03-89C8-4073-881F-775B7047A8FB}.Release|x64.Build.0 = Release|x64
		{67939E03-89C8-4073-881F-775B7047A8FB}.Release|x86.ActiveCfg = Release|Win32
		{67939E03-89C8-4073-881F-775B7047A8FB}.Release|x86.Build.0 = Release|Win32
		{67939E03-89C8-4073-881F-775B7047A8FB}.Retail DLL|Itanium.ActiveCfg = Release|x64
		{67939E03-89C8-4073-881F-775B7047A8FB}.Retail DLL|Itanium.Build.0 = Release|x64
		{67939E03-89C8-4073-881F-775B7047A8FB}.Retail DLL|x64.ActiveCfg = Release|x64
		{67939E03-89C8-4073-881F-775B7047A8FB}.Retail DLL|x64.Build.0 = Release|x64
		{67939E03-89C8-4073-881F-775B7047A8FB}.Retail DLL|x86.ActiveCfg = Release|Win32
		{67939E03-89C8-4073-881F-775B7047A8FB}.Retail DLL|x86.Build.0 = Release|Win32
		{67939E03-89C8-4073-881F-775B7047A8FB}.Retail Unicode DLL|Itanium.ActiveCfg = Release|x64
		{67939E03-89C8-4073-881F-775B7047A8FB}.Retail Unicode DLL|Itanium.Build.0 = Release|x64
		{67939E03-89C8-4073-881F-775B7047A8FB}.Retail Unicode DLL|x64.ActiveCfg = Release|x64
		{67939E03-89C8-4073-881F-775B7047A8FB}.Retail Unicode DLL|x64.Build.0 = Release|x64
		{67939E03-89C8-4073-881F-775B7047A8FB}.Retail Unicode DLL|x86.ActiveCfg = Release|Win32
		{67939E03-89C8-4073-881F-775B7047A8FB}.Retail Unicode DLL|x86.Build.0 = Release|Win32
		{67939E03-89C8-4073-881F-775B7047A8FB}.Retail Unicode|Itanium.ActiveCfg = Release|x64
		{67939E03-89C8-4073-881F-775B7047A8FB}.Retail Unicode|Itanium.Build.0 = Release|x64
		{67939E03-89C8-4073-881F-775B7047A8FB}.Retail Unicode|x64.ActiveCfg = Release|x64
		{67939E03-89C8-4073-881F-775B7047A8FB}.Retail Unicode|x64.Build.0 = Release|x64
		{67939E03-89C8-4073-881F-775B7047A8FB}.Retail Unicode|x86.ActiveCfg = Release|Win32
		{67939E03-89C8-4073-881F-775B7047A8FB}.Retail Unicode|x86.Build.0 = Release|Win32
		{67939E03-89C8-4073-881F-775B7047A8FB}.Retail|Itanium.ActiveCfg = Release|x64
		{67939E03-89C8-4073-881F-775B7047A8FB}.Retail|Itanium.Build.0 = Release|x64
		{67939E03-89C8-4073-881F-775B7047A8FB}.Retail|x64.ActiveCfg = Release|x64
		{67939E03-89C8-4073-881F-775B7047A8FB}.Retail|x64.Build.0 = Release|x64
		{67939E03-89C8-4073-881F-775B7047A8FB}.Retail|x86.ActiveCfg = Release|Win32
		{67939E03-89C8-4073-881F-775B7047A8FB}.Retail|x86.Build.0 = Release|Win32
		{CA7D2BA8-1FF5-42B9-B544-85576A1491A0}.Debug DLL|Itanium.ActiveCfg = Release|Win32
		{CA7D2BA8-1FF5-42B9-B544-85576A1491A0}.Debug DLL|Itanium.Build.0 = Release|Win32
		{CA7D2BA8-1FF5-42B9-B544-85576A1491A0}.Debug DLL|x64.ActiveCfg = Debug|x64
		{CA7D2BA8-1FF5-42B9-B544-85576A1491A0}.Debug DLL|x64.Build.0 = Debug|x64
		{CA7D2BA8-1FF5-42B9-B544-85576A1491A0}.Debug DLL|x86.ActiveCfg = Debug|Win32
		{CA7D2BA8-1FF5-42B9-B544-85576A1491A0}.Debug DLL|x86.Build.0 = Debug|Win32
		{CA7D2BA8-1FF5-42B9-B544-85576A1491A0}.Debug Unicode DLL|Itanium.ActiveCfg = Release|Win32
		{CA7D2BA8-1FF5-42B9-B544-85576A1491A0}.Debug Unicode DLL|Itanium.Build.0 = Release|Win32
		{CA7D2BA8-1FF5-42B9-B544-85576A1491A0}.Debug Unicode DLL|x64.ActiveCfg = Debug|x64
		{CA7D2BA8-1FF5-42B9-B544-85576A1491A0}.Debug Unicode DLL|x64.Build.0 = Debug|x64
		{CA7D2BA8-1FF5-42B9-B544-85576A1491A0}.Debug Unicode DLL|x86.ActiveCfg = Debug|Win32
		{CA7D2BA8-1FF5-42B9-B544-85576A1491A0}.Debug Unicode DLL|x86.Build.0 = Debug|Win32
		{CA7D2BA8-1FF5-42B9-B544-85576A1491A0}.Debug Unicode|Itanium.ActiveCfg = Release|Win32
		{CA7D2BA8-1FF5-42B9-B544-85576A1491A0}.Debug Unicode|Itanium.Build.0 = Release|Win32
		{CA7D2BA8-1FF5-42B9-B544-85576A1491A0}.Debug Unicode|x64.ActiveCfg = Debug|x64
		{CA7D2BA8-1FF5-42B9-B544-85576A1491A0}.Debug Unicode|x64.Build.0 = Debug|x64
		{CA7D2BA8-1FF5-42B9-B544-85576A1491A0}.Debug Unicode|x86.ActiveCfg = Debug|Win32
		{CA7D2BA8-1FF5-42B9-B544-85576A1491A0}.Debug Unicode|x86.Build.0 = Debug|Win32
		{CA7D2BA8-1FF5-42B9-B544-85576A1491A0}.Debug|Itanium.ActiveCfg = Debug|Win32
		{CA7D2BA8-1FF5-42B9-B544-85576A1491A0}.Debug|x64.ActiveCfg = Debug|x64
		{CA7D2BA8-1FF5-42B9-B544-85576A1491A0}.Debug|x64.Build.0 = Debug|x64
		{CA7D2BA8-1FF5-42B9-B544-85576A1491A0}.Debug|x86.ActiveCfg = Debug|Win32
		{CA7D2BA8-1FF5-42B9-B544-85576A1491A0}.Debug|x86.Build.0 = Debug|Win32
		{CA7D2BA8-1FF5-42B9-B544-85576A1491A0}.Release DLL|Itanium.ActiveCfg = Release|Win32
		{CA7D2BA8-1FF5-42B9-B544-85576A1491A0}.Release DLL|Itanium.Build.0 = Release|Win32
		{CA7D2BA8-1FF5-42B9-B544-85576A1491A0}.Release DLL|x64.ActiveCfg = Release|x64
		{CA7D2BA8-1FF5-42B9-B544-85576A1491A0}.Release DLL|x64.Build.0 = Release|x64
		{CA7D2BA8-1FF5-42B9-B544-85576A1491A0}.Release DLL|x86.ActiveCfg = Release|Win32
		{CA7D2BA8-1FF5-42B9-B544-85576A1491A0}.Release DLL|x86.Build.0 = Release|Win32
		{CA7D2BA8-1FF5-42B9-B544-85576A1491A0}.Release Unicode DLL|Itanium.ActiveCfg = Release|Win32
		{CA7D2BA8-1FF5-42B9-B544-85576A1491A0}.Release Unicode DLL|Itanium.Build.0 = Release|Win32
		{CA7D2BA8-1FF5-42B9-B544-85576A1491A0}.Release Unicode DLL|x64.ActiveCfg = Release|x64
		{CA7D2BA8-1FF5-42B9-B544-85576A1491A0}.Release Unicode DLL|x64.Build.0 = Release|x64
		{CA7D2BA8-1FF5-42B9-B544-85576A1491A0}.Release Unicode DLL|x86.ActiveCfg = Release|Win32
		{CA7D2BA8-1FF5-42B9-B544-85576A1491A0}.Release Unicode DLL|x86.Build.0 = Release|Win32
		{CA7D2BA8-1FF5-42B9-B544-85576A1491A0}.Release Unicode|Itanium.ActiveCfg = Release|Win32
		{CA7D2BA8-1FF5-42B9-B544-85576A1491A0}.Release Unicode|Itanium.Build.0 = Release|Win32
		{CA7D2BA8-1FF5-42B9-B544-85576A1491A0}.Release Unicode|x64.ActiveCfg = Release|x64
		{CA7D2BA8-1FF5-42B9-B544-85576A1491A0}.Release Unicode|x64.Build.0 = Release|x64
		{CA7D2BA8-1FF5-42B9-B544-85576A1491A0}.Release Unicode|x86.ActiveCfg = Release|Win32
		{CA7D2BA8-1FF5-42B9-B544-85576A1491A0}.Release Unicode|x86.Build.0 = Release|Win32
		{CA7D2BA8-1FF5-42B9-B544-85576A1491A0}.Release|Itanium.ActiveCfg = Release|Win32
		{CA7D2BA8-1FF5-42B9-B544-85576A1491A0}.Release|x64.ActiveCfg = Release|x64
		{CA7D2BA8-1FF5-42B9-B544-85576A1491A0}.Release|x64.Build.0 = Release|x64
		{CA7D2BA8-1FF5-42B9-B544-85576A1491A0}.Release|x86.ActiveCfg = Release|Win32
		{CA7D2BA8-1FF5-42B9-B544-85576A1491A0}.Release|x86.Build.0 = Release|Win32
		{CA7D2BA8-1FF5-42B9-B544-85576A1491A0}.Retail DLL|Itanium.ActiveCfg = Release|Win32
		{CA7D2BA8-1FF5-42B9-B544-85576A1491A0}.Retail DLL|Itanium.Build.0 = Release|Win32
		{CA7D2BA8-1FF5-42B9-B544-85576A1491A0}.Retail DLL|x64.ActiveCfg = Release|x64
		{CA7D2BA8-1FF5-42B9-B544-85576A1491A0}.Retail DLL|x64.Build.0 = Release|x64
		{CA7D2BA8-1FF5-42B9-B544-85576A1491A0}.Retail DLL|x86.ActiveCfg = Release|Win32
		{CA7D2BA8-1FF5-42B9-B544-85576A1491A0}.Retail DLL|x86.Build.0 = Release|Win32
		{CA7D2BA8-1FF5-42B9-B544-85576A1491A0}.Retail Unicode DLL|Itanium.ActiveCfg = Release|Win32
		{CA7D2BA8-1FF5-42B9-B544-85576A1491A0}.Retail Unicode DLL|Itanium.Build.0 = Release|Win32
		{CA7D2BA8-1FF5-42B9-B544-85576A1491A0}.Retail Unicode DLL|x64.ActiveCfg = Release|x64
		{CA7D2BA8-1FF5-42B9-B544-85576A1491A0}.Retail Unicode DLL|x64.Build.0 = Release|x64
		{CA7D2BA8-1FF5-42B9-B544-85576A1491A0}.Retail Unicode DLL|x86.ActiveCfg = Release|Win32
		{CA7D2BA8-1FF5-42B9-B544-85576A1491A0}.Retail Unicode DLL|x86.Build.0 = Release|Win32
		{CA7D2BA8-1FF5-42B9-B544-85576A1491A0}.Retail Unicode|Itanium.ActiveCfg = Release|Win32
		{CA7D2BA8-1FF5-42B9-B544-85576A1491A0}.Retail Unicode|Itanium.Build.0 = Release|Win32
		{CA7D2BA8-1FF5-42B9-B544-85576A1491A0}.Retail Unicode|x64.ActiveCfg = Release|x64
		{CA7D2BA8-1FF5-42B9-B544-85576A1491A0}.Retail Unicode|x64.Build.0 = Release|x64
		{CA7D2BA8-1FF5-42B9-B544-85576A1491A0}.Retail Unicode|x86.ActiveCfg = Release|Win32
		{CA7D2BA8-1FF5-42B9-B544-85576A1491A0}.Retail Unicode|x86.Build.0 = Release|Win32
		{CA7D2BA8-1FF5-42B9-B544-85576A1491A0}.Retail|Itanium.ActiveCfg = Release|Win32
		{CA7D2BA8-1FF5-42B9-B544-85576A1491A0}.Retail|Itanium.Build.0 = Release|Win32
		{CA7D2BA8-1FF5-42B9-B544-85576A1491A0}.Retail|x64.ActiveCfg = Release|x64
		{CA7D2BA8-1FF5-42B9-B544-85576A1491A0}.Retail|x64.Build.0 = Release|x64
		{CA7D2BA8-1FF5-42B9-B544-85576A1491A0}.Retail|x86.ActiveCfg = Release|Win32
		{CA7D2BA8-1FF5-42B9-B544-85576A1491A0}.Retail|x86.Build.0 = Release|Win32
	EndGlobalSection
	GlobalSection(SolutionProperties) = preSolution
		HideSolutionNode = FALSE
	EndGlobalSection
	GlobalSection(ExtensibilityGlobals) = postSolution
		SolutionGuid = {59621274-3C02-4050-A38C-13D6DB0A7A93}
	EndGlobalSection
EndGlobal
